
Microsoft Visual Studio Solution File, Format Version 10.00
# Visual Studio 2008
Project("{2150E333-8FDC-42A3-9474-1A3956D46DE8}") = "APP", "APP", "{5BD2A7AE-861B-4DC7-AAA2-C2B19E856805}"
EndProject
Project("{2150E333-8FDC-42A3-9474-1A3956D46DE8}") = "LIB", "LIB", "{6BC0F09A-C8F4-412E-B35B-1F643D4BDD8C}"
EndProject
Project("{8BC9CEB8-8B4A-11D0-8D11-00A0C91BC942}") = "imcXml", "..\..\imcXml\source\imcXml.vcproj", "{63EB8172-0004-4831-B72F-548E28298C50}"
EndProject
Project("{8BC9CEB8-8B4A-11D0-8D11-00A0C91BC942}") = "imclib", "..\..\imclib\source\imclib.vcproj", "{F4367ACA-D6B8-4637-A77F-4230687CBCBC}"
EndProject
Project("{8BC9CEB8-8B4A-11D0-8D11-00A0C91BC942}") = "imcInput", "..\..\imcclientlib\input\imcInput.vcproj", "{20756AEA-7EEB-4D7A-A90F-260F4BEF57A8}"
EndProject
Project("{8BC9CEB8-8B4A-11D0-8D11-00A0C91BC942}") = "imcCore", "..\..\imcCore\source\imcCore.vcproj", "{22B34556-EDEB-400C-A902-BDF329A22E9B}"
EndProject
Project("{8BC9CEB8-8B4A-11D0-8D11-00A0C91BC942}") = "imcFileSys", "..\..\imcFileSys\imcFileSys.vcproj", "{B07C7AD8-7061-4E0B-AA1A-9159F0E4D276}"
EndProject
Project("{8BC9CEB8-8B4A-11D0-8D11-00A0C91BC942}") = "imcIME", "..\..\imcclientlib\ime\imcIME.vcproj", "{DFE2D058-88B1-47EA-AE6D-2E4C89CDDC3E}"
EndProject
Project("{8BC9CEB8-8B4A-11D0-8D11-00A0C91BC942}") = "imcLanguage", "..\..\imcclientlib\language\imcLanguage.vcproj", "{8407858F-BD8E-45D2-B11A-0A80FF96BD92}"
EndProject
Project("{8BC9CEB8-8B4A-11D0-8D11-00A0C91BC942}") = "imcIES", "..\..\imcIES\source\imcIES.vcproj", "{2351FB45-496F-4A41-AC5F-F6CE30A7D521}"
EndProject
Project("{8BC9CEB8-8B4A-11D0-8D11-00A0C91BC942}") = "imcIpf", "..\..\imcIpf\source\imcIpf.vcproj", "{E0CB2DDA-85AA-414E-A21D-4A13985C5251}"
EndProject
Project("{8BC9CEB8-8B4A-11D0-8D11-00A0C91BC942}") = "imcd3d9", "..\..\imcClientLib\imcd3d9\source\imcd3d9.vcproj", "{E43C9B72-6776-4E0B-B435-11132E457CD2}"
EndProject
Project("{8BC9CEB8-8B4A-11D0-8D11-00A0C91BC942}") = "imcFont", "..\..\imcClientLib\imcFont\imcFont.vcproj", "{80C6F471-54FE-44FE-AD32-CC65AD912D3E}"
EndProject
Project("{8BC9CEB8-8B4A-11D0-8D11-00A0C91BC942}") = "imcSkin", "..\..\imcClientLib\imcSkin\Source\imcSkin.vcproj", "{2470A567-DDF0-4EAA-815C-691E512DFB85}"
EndProject
Project("{8BC9CEB8-8B4A-11D0-8D11-00A0C91BC942}") = "imcUi", "..\..\imcClientLib\imcUi\source\imcUi.vcproj", "{20C4B0FB-C083-4C51-AAF2-9B6303E36D30}"
EndProject
Project("{8BC9CEB8-8B4A-11D0-8D11-00A0C91BC942}") = "imcUiRender", "..\..\imcClientLib\imcUIRender\source\imcUIRender.vcproj", "{518CFCE4-34AF-45D9-B535-E4EE7454C4D4}"
EndProject
Project("{8BC9CEB8-8B4A-11D0-8D11-00A0C91BC942}") = "imcSound", "..\..\imcClientLib\imcSound\source\imcSound.vcproj", "{B177BD3F-5928-4AD7-A0A9-28451725A805}"
EndProject
Project("{8BC9CEB8-8B4A-11D0-8D11-00A0C91BC942}") = "imcMessage", "..\..\imcClientLib\imcMessage\imcMessage.vcproj", "{FCEE4F7D-8C1A-4694-9EF4-312CDF4C3CAE}"
EndProject
Project("{8BC9CEB8-8B4A-11D0-8D11-00A0C91BC942}") = "imcSMTP", "..\..\imcSMTP\source\imcSMTP.vcproj", "{D690C04D-5E73-4C74-8A74-6D17627EFF8A}"
EndProject
Project("{8BC9CEB8-8B4A-11D0-8D11-00A0C91BC942}") = "imcFlash", "..\..\imcClientLib\imcFlash\source\imcFlash.vcproj", "{FEFCAD7A-F3BA-4060-8711-B0912139F159}"
EndProject
Project("{8BC9CEB8-8B4A-11D0-8D11-00A0C91BC942}") = "UIViewer", "UIViewer.vcproj", "{BAB5C221-4DE4-4B51-BFA3-B6BD650C4641}"
	ProjectSection(ProjectDependencies) = postProject
		{01E96406-B606-4A88-9ED8-3DFC0236A294} = {01E96406-B606-4A88-9ED8-3DFC0236A294}
		{E36AB82B-04BA-4463-A11E-6E55D303843A} = {E36AB82B-04BA-4463-A11E-6E55D303843A}
		{B177BD3F-5928-4AD7-A0A9-28451725A805} = {B177BD3F-5928-4AD7-A0A9-28451725A805}
		{2351FB45-496F-4A41-AC5F-F6CE30A7D521} = {2351FB45-496F-4A41-AC5F-F6CE30A7D521}
		{D690C04D-5E73-4C74-8A74-6D17627EFF8A} = {D690C04D-5E73-4C74-8A74-6D17627EFF8A}
		{22B34556-EDEB-400C-A902-BDF329A22E9B} = {22B34556-EDEB-400C-A902-BDF329A22E9B}
		{DFE2D058-88B1-47EA-AE6D-2E4C89CDDC3E} = {DFE2D058-88B1-47EA-AE6D-2E4C89CDDC3E}
		{2470A567-DDF0-4EAA-815C-691E512DFB85} = {2470A567-DDF0-4EAA-815C-691E512DFB85}
		{80C6F471-54FE-44FE-AD32-CC65AD912D3E} = {80C6F471-54FE-44FE-AD32-CC65AD912D3E}
		{63EB8172-0004-4831-B72F-548E28298C50} = {63EB8172-0004-4831-B72F-548E28298C50}
		{E43C9B72-6776-4E0B-B435-11132E457CD2} = {E43C9B72-6776-4E0B-B435-11132E457CD2}
		{FEFCAD7A-F3BA-4060-8711-B0912139F159} = {FEFCAD7A-F3BA-4060-8711-B0912139F159}
		{FCEE4F7D-8C1A-4694-9EF4-312CDF4C3CAE} = {FCEE4F7D-8C1A-4694-9EF4-312CDF4C3CAE}
		{CA8BE98C-E306-4E0F-977E-B3C433D75CC6} = {CA8BE98C-E306-4E0F-977E-B3C433D75CC6}
		{8407858F-BD8E-45D2-B11A-0A80FF96BD92} = {8407858F-BD8E-45D2-B11A-0A80FF96BD92}
		{29D3B490-1EA0-4173-B746-5AAB53EDFC7B} = {29D3B490-1EA0-4173-B746-5AAB53EDFC7B}
		{B41F38A7-8D71-43DC-8950-3637E34E692B} = {B41F38A7-8D71-43DC-8950-3637E34E692B}
		{D59E68AD-EB46-412B-A055-66E0687297FB} = {D59E68AD-EB46-412B-A055-66E0687297FB}
		{F4367ACA-D6B8-4637-A77F-4230687CBCBC} = {F4367ACA-D6B8-4637-A77F-4230687CBCBC}
		{B07C7AD8-7061-4E0B-AA1A-9159F0E4D276} = {B07C7AD8-7061-4E0B-AA1A-9159F0E4D276}
		{64412ED9-A2A1-4725-94E3-BE7F694052AA} = {64412ED9-A2A1-4725-94E3-BE7F694052AA}
		{E0CB2DDA-85AA-414E-A21D-4A13985C5251} = {E0CB2DDA-85AA-414E-A21D-4A13985C5251}
		{9A0E37E2-A1FF-4FB0-8EAF-B248A8B6A579} = {9A0E37E2-A1FF-4FB0-8EAF-B248A8B6A579}
		{518CFCE4-34AF-45D9-B535-E4EE7454C4D4} = {518CFCE4-34AF-45D9-B535-E4EE7454C4D4}
		{20756AEA-7EEB-4D7A-A90F-260F4BEF57A8} = {20756AEA-7EEB-4D7A-A90F-260F4BEF57A8}
		{20C4B0FB-C083-4C51-AAF2-9B6303E36D30} = {20C4B0FB-C083-4C51-AAF2-9B6303E36D30}
	EndProjectSection
EndProject
Project("{8BC9CEB8-8B4A-11D0-8D11-00A0C91BC942}") = "imcDebug", "..\..\imcDebug\source\imcDebug.vcproj", "{E36AB82B-04BA-4463-A11E-6E55D303843A}"
EndProject
Project("{8BC9CEB8-8B4A-11D0-8D11-00A0C91BC942}") = "imcAddOn", "..\..\imcClientLib\imcAddon\source\imcAddOn.vcproj", "{9A0E37E2-A1FF-4FB0-8EAF-B248A8B6A579}"
EndProject
Project("{8BC9CEB8-8B4A-11D0-8D11-00A0C91BC942}") = "imc2d", "..\..\imcClientLib\imc2d\source\imc2d.vcproj", "{B41F38A7-8D71-43DC-8950-3637E34E692B}"
EndProject
Project("{8BC9CEB8-8B4A-11D0-8D11-00A0C91BC942}") = "imcEffect", "..\..\imcClientLib\imcEffect\source\imcEffect.vcproj", "{CA8BE98C-E306-4E0F-977E-B3C433D75CC6}"
EndProject
Project("{8BC9CEB8-8B4A-11D0-8D11-00A0C91BC942}") = "imc3d", "..\..\imcClientLib\imc3d\source\imc3d.vcproj", "{D59E68AD-EB46-412B-A055-66E0687297FB}"
EndProject
Project("{8BC9CEB8-8B4A-11D0-8D11-00A0C91BC942}") = "imcDecal", "..\..\imcClientLib\imcDecal\source\imcDecal.vcproj", "{01E96406-B606-4A88-9ED8-3DFC0236A294}"
EndProject
Project("{8BC9CEB8-8B4A-11D0-8D11-00A0C91BC942}") = "imcForkParticle", "..\..\imcClientLib\imcForkParticle\Source\imcForkParticle.vcproj", "{29D3B490-1EA0-4173-B746-5AAB53EDFC7B}"
EndProject
Project("{8BC9CEB8-8B4A-11D0-8D11-00A0C91BC942}") = "imcIbp", "..\..\imcIbp\source\imcIbp.vcproj", "{64412ED9-A2A1-4725-94E3-BE7F694052AA}"
EndProject
Global
	GlobalSection(SolutionConfigurationPlatforms) = preSolution
		Bot_Release|Win32 = Bot_Release|Win32
		Debug - .Net|Win32 = Debug - .Net|Win32
		Debug|Win32 = Debug|Win32
		dll_debug|Win32 = dll_debug|Win32
		dll_release|Win32 = dll_release|Win32
		Final Release|Win32 = Final Release|Win32
		Release - .Net|Win32 = Release - .Net|Win32
		Release|Win32 = Release|Win32
		X64Release|Win32 = X64Release|Win32
	EndGlobalSection
	GlobalSection(ProjectConfigurationPlatforms) = postSolution
		{63EB8172-0004-4831-B72F-548E28298C50}.Bot_Release|Win32.ActiveCfg = Bot_Release|Win32
		{63EB8172-0004-4831-B72F-548E28298C50}.Bot_Release|Win32.Build.0 = Bot_Release|Win32
		{63EB8172-0004-4831-B72F-548E28298C50}.Debug - .Net|Win32.ActiveCfg = Debug|Win32
		{63EB8172-0004-4831-B72F-548E28298C50}.Debug - .Net|Win32.Build.0 = Debug|Win32
		{63EB8172-0004-4831-B72F-548E28298C50}.Debug|Win32.ActiveCfg = Debug|Win32
		{63EB8172-0004-4831-B72F-548E28298C50}.Debug|Win32.Build.0 = Debug|Win32
		{63EB8172-0004-4831-B72F-548E28298C50}.dll_debug|Win32.ActiveCfg = Debug|Win32
		{63EB8172-0004-4831-B72F-548E28298C50}.dll_debug|Win32.Build.0 = Debug|Win32
		{63EB8172-0004-4831-B72F-548E28298C50}.dll_release|Win32.ActiveCfg = Debug|Win32
		{63EB8172-0004-4831-B72F-548E28298C50}.dll_release|Win32.Build.0 = Debug|Win32
		{63EB8172-0004-4831-B72F-548E28298C50}.Final Release|Win32.ActiveCfg = Release|Win32
		{63EB8172-0004-4831-B72F-548E28298C50}.Final Release|Win32.Build.0 = Release|Win32
		{63EB8172-0004-4831-B72F-548E28298C50}.Release - .Net|Win32.ActiveCfg = Release|Win32
		{63EB8172-0004-4831-B72F-548E28298C50}.Release - .Net|Win32.Build.0 = Release|Win32
		{63EB8172-0004-4831-B72F-548E28298C50}.Release|Win32.ActiveCfg = Release|Win32
		{63EB8172-0004-4831-B72F-548E28298C50}.Release|Win32.Build.0 = Release|Win32
		{63EB8172-0004-4831-B72F-548E28298C50}.X64Release|Win32.ActiveCfg = Release|Win32
		{63EB8172-0004-4831-B72F-548E28298C50}.X64Release|Win32.Build.0 = Release|Win32
		{F4367ACA-D6B8-4637-A77F-4230687CBCBC}.Bot_Release|Win32.ActiveCfg = Bot_Release|Win32
		{F4367ACA-D6B8-4637-A77F-4230687CBCBC}.Bot_Release|Win32.Build.0 = Bot_Release|Win32
		{F4367ACA-D6B8-4637-A77F-4230687CBCBC}.Debug - .Net|Win32.ActiveCfg = Debug|Win32
		{F4367ACA-D6B8-4637-A77F-4230687CBCBC}.Debug - .Net|Win32.Build.0 = Debug|Win32
		{F4367ACA-D6B8-4637-A77F-4230687CBCBC}.Debug|Win32.ActiveCfg = Debug|Win32
		{F4367ACA-D6B8-4637-A77F-4230687CBCBC}.Debug|Win32.Build.0 = Debug|Win32
		{F4367ACA-D6B8-4637-A77F-4230687CBCBC}.dll_debug|Win32.ActiveCfg = Debug|Win32
		{F4367ACA-D6B8-4637-A77F-4230687CBCBC}.dll_debug|Win32.Build.0 = Debug|Win32
		{F4367ACA-D6B8-4637-A77F-4230687CBCBC}.dll_release|Win32.ActiveCfg = Debug|Win32
		{F4367ACA-D6B8-4637-A77F-4230687CBCBC}.dll_release|Win32.Build.0 = Debug|Win32
		{F4367ACA-D6B8-4637-A77F-4230687CBCBC}.Final Release|Win32.ActiveCfg = Release|Win32
		{F4367ACA-D6B8-4637-A77F-4230687CBCBC}.Final Release|Win32.Build.0 = Release|Win32
		{F4367ACA-D6B8-4637-A77F-4230687CBCBC}.Release - .Net|Win32.ActiveCfg = Release|Win32
		{F4367ACA-D6B8-4637-A77F-4230687CBCBC}.Release - .Net|Win32.Build.0 = Release|Win32
		{F4367ACA-D6B8-4637-A77F-4230687CBCBC}.Release|Win32.ActiveCfg = Release|Win32
		{F4367ACA-D6B8-4637-A77F-4230687CBCBC}.Release|Win32.Build.0 = Release|Win32
		{F4367ACA-D6B8-4637-A77F-4230687CBCBC}.X64Release|Win32.ActiveCfg = Release|Win32
		{F4367ACA-D6B8-4637-A77F-4230687CBCBC}.X64Release|Win32.Build.0 = Release|Win32
		{20756AEA-7EEB-4D7A-A90F-260F4BEF57A8}.Bot_Release|Win32.ActiveCfg = Bot_Release|Win32
		{20756AEA-7EEB-4D7A-A90F-260F4BEF57A8}.Bot_Release|Win32.Build.0 = Bot_Release|Win32
		{20756AEA-7EEB-4D7A-A90F-260F4BEF57A8}.Debug - .Net|Win32.ActiveCfg = Debug|Win32
		{20756AEA-7EEB-4D7A-A90F-260F4BEF57A8}.Debug - .Net|Win32.Build.0 = Debug|Win32
		{20756AEA-7EEB-4D7A-A90F-260F4BEF57A8}.Debug|Win32.ActiveCfg = Debug|Win32
		{20756AEA-7EEB-4D7A-A90F-260F4BEF57A8}.Debug|Win32.Build.0 = Debug|Win32
		{20756AEA-7EEB-4D7A-A90F-260F4BEF57A8}.dll_debug|Win32.ActiveCfg = Debug|Win32
		{20756AEA-7EEB-4D7A-A90F-260F4BEF57A8}.dll_debug|Win32.Build.0 = Debug|Win32
		{20756AEA-7EEB-4D7A-A90F-260F4BEF57A8}.dll_release|Win32.ActiveCfg = Debug|Win32
		{20756AEA-7EEB-4D7A-A90F-260F4BEF57A8}.dll_release|Win32.Build.0 = Debug|Win32
		{20756AEA-7EEB-4D7A-A90F-260F4BEF57A8}.Final Release|Win32.ActiveCfg = Release|Win32
		{20756AEA-7EEB-4D7A-A90F-260F4BEF57A8}.Final Release|Win32.Build.0 = Release|Win32
		{20756AEA-7EEB-4D7A-A90F-260F4BEF57A8}.Release - .Net|Win32.ActiveCfg = Release|Win32
		{20756AEA-7EEB-4D7A-A90F-260F4BEF57A8}.Release - .Net|Win32.Build.0 = Release|Win32
		{20756AEA-7EEB-4D7A-A90F-260F4BEF57A8}.Release|Win32.ActiveCfg = Release|Win32
		{20756AEA-7EEB-4D7A-A90F-260F4BEF57A8}.Release|Win32.Build.0 = Release|Win32
		{20756AEA-7EEB-4D7A-A90F-260F4BEF57A8}.X64Release|Win32.ActiveCfg = Release|Win32
		{20756AEA-7EEB-4D7A-A90F-260F4BEF57A8}.X64Release|Win32.Build.0 = Release|Win32
		{22B34556-EDEB-400C-A902-BDF329A22E9B}.Bot_Release|Win32.ActiveCfg = Bot_Release|Win32
		{22B34556-EDEB-400C-A902-BDF329A22E9B}.Bot_Release|Win32.Build.0 = Bot_Release|Win32
		{22B34556-EDEB-400C-A902-BDF329A22E9B}.Debug - .Net|Win32.ActiveCfg = Debug|Win32
		{22B34556-EDEB-400C-A902-BDF329A22E9B}.Debug - .Net|Win32.Build.0 = Debug|Win32
		{22B34556-EDEB-400C-A902-BDF329A22E9B}.Debug|Win32.ActiveCfg = Debug|Win32
		{22B34556-EDEB-400C-A902-BDF329A22E9B}.Debug|Win32.Build.0 = Debug|Win32
		{22B34556-EDEB-400C-A902-BDF329A22E9B}.dll_debug|Win32.ActiveCfg = Debug|Win32
		{22B34556-EDEB-400C-A902-BDF329A22E9B}.dll_debug|Win32.Build.0 = Debug|Win32
		{22B34556-EDEB-400C-A902-BDF329A22E9B}.dll_release|Win32.ActiveCfg = Debug|Win32
		{22B34556-EDEB-400C-A902-BDF329A22E9B}.dll_release|Win32.Build.0 = Debug|Win32
		{22B34556-EDEB-400C-A902-BDF329A22E9B}.Final Release|Win32.ActiveCfg = Release|Win32
		{22B34556-EDEB-400C-A902-BDF329A22E9B}.Final Release|Win32.Build.0 = Release|Win32
		{22B34556-EDEB-400C-A902-BDF329A22E9B}.Release - .Net|Win32.ActiveCfg = Release|Win32
		{22B34556-EDEB-400C-A902-BDF329A22E9B}.Release - .Net|Win32.Build.0 = Release|Win32
		{22B34556-EDEB-400C-A902-BDF329A22E9B}.Release|Win32.ActiveCfg = Release|Win32
		{22B34556-EDEB-400C-A902-BDF329A22E9B}.Release|Win32.Build.0 = Release|Win32
		{22B34556-EDEB-400C-A902-BDF329A22E9B}.X64Release|Win32.ActiveCfg = Release|Win32
		{22B34556-EDEB-400C-A902-BDF329A22E9B}.X64Release|Win32.Build.0 = Release|Win32
		{B07C7AD8-7061-4E0B-AA1A-9159F0E4D276}.Bot_Release|Win32.ActiveCfg = Bot_Release|Win32
		{B07C7AD8-7061-4E0B-AA1A-9159F0E4D276}.Bot_Release|Win32.Build.0 = Bot_Release|Win32
		{B07C7AD8-7061-4E0B-AA1A-9159F0E4D276}.Debug - .Net|Win32.ActiveCfg = Debug|Win32
		{B07C7AD8-7061-4E0B-AA1A-9159F0E4D276}.Debug - .Net|Win32.Build.0 = Debug|Win32
		{B07C7AD8-7061-4E0B-AA1A-9159F0E4D276}.Debug|Win32.ActiveCfg = Debug|Win32
		{B07C7AD8-7061-4E0B-AA1A-9159F0E4D276}.Debug|Win32.Build.0 = Debug|Win32
		{B07C7AD8-7061-4E0B-AA1A-9159F0E4D276}.dll_debug|Win32.ActiveCfg = Debug|Win32
		{B07C7AD8-7061-4E0B-AA1A-9159F0E4D276}.dll_debug|Win32.Build.0 = Debug|Win32
		{B07C7AD8-7061-4E0B-AA1A-9159F0E4D276}.dll_release|Win32.ActiveCfg = Debug|Win32
		{B07C7AD8-7061-4E0B-AA1A-9159F0E4D276}.dll_release|Win32.Build.0 = Debug|Win32
		{B07C7AD8-7061-4E0B-AA1A-9159F0E4D276}.Final Release|Win32.ActiveCfg = Release|Win32
		{B07C7AD8-7061-4E0B-AA1A-9159F0E4D276}.Final Release|Win32.Build.0 = Release|Win32
		{B07C7AD8-7061-4E0B-AA1A-9159F0E4D276}.Release - .Net|Win32.ActiveCfg = Release|Win32
		{B07C7AD8-7061-4E0B-AA1A-9159F0E4D276}.Release - .Net|Win32.Build.0 = Release|Win32
		{B07C7AD8-7061-4E0B-AA1A-9159F0E4D276}.Release|Win32.ActiveCfg = Release|Win32
		{B07C7AD8-7061-4E0B-AA1A-9159F0E4D276}.Release|Win32.Build.0 = Release|Win32
		{B07C7AD8-7061-4E0B-AA1A-9159F0E4D276}.X64Release|Win32.ActiveCfg = Release|Win32
		{B07C7AD8-7061-4E0B-AA1A-9159F0E4D276}.X64Release|Win32.Build.0 = Release|Win32
		{DFE2D058-88B1-47EA-AE6D-2E4C89CDDC3E}.Bot_Release|Win32.ActiveCfg = Bot_Release|Win32
		{DFE2D058-88B1-47EA-AE6D-2E4C89CDDC3E}.Bot_Release|Win32.Build.0 = Bot_Release|Win32
		{DFE2D058-88B1-47EA-AE6D-2E4C89CDDC3E}.Debug - .Net|Win32.ActiveCfg = Debug|Win32
		{DFE2D058-88B1-47EA-AE6D-2E4C89CDDC3E}.Debug - .Net|Win32.Build.0 = Debug|Win32
		{DFE2D058-88B1-47EA-AE6D-2E4C89CDDC3E}.Debug|Win32.ActiveCfg = Debug|Win32
		{DFE2D058-88B1-47EA-AE6D-2E4C89CDDC3E}.Debug|Win32.Build.0 = Debug|Win32
		{DFE2D058-88B1-47EA-AE6D-2E4C89CDDC3E}.dll_debug|Win32.ActiveCfg = Debug|Win32
		{DFE2D058-88B1-47EA-AE6D-2E4C89CDDC3E}.dll_debug|Win32.Build.0 = Debug|Win32
		{DFE2D058-88B1-47EA-AE6D-2E4C89CDDC3E}.dll_release|Win32.ActiveCfg = Debug|Win32
		{DFE2D058-88B1-47EA-AE6D-2E4C89CDDC3E}.dll_release|Win32.Build.0 = Debug|Win32
		{DFE2D058-88B1-47EA-AE6D-2E4C89CDDC3E}.Final Release|Win32.ActiveCfg = Release|Win32
		{DFE2D058-88B1-47EA-AE6D-2E4C89CDDC3E}.Final Release|Win32.Build.0 = Release|Win32
		{DFE2D058-88B1-47EA-AE6D-2E4C89CDDC3E}.Release - .Net|Win32.ActiveCfg = Release|Win32
		{DFE2D058-88B1-47EA-AE6D-2E4C89CDDC3E}.Release - .Net|Win32.Build.0 = Release|Win32
		{DFE2D058-88B1-47EA-AE6D-2E4C89CDDC3E}.Release|Win32.ActiveCfg = Release|Win32
		{DFE2D058-88B1-47EA-AE6D-2E4C89CDDC3E}.Release|Win32.Build.0 = Release|Win32
		{DFE2D058-88B1-47EA-AE6D-2E4C89CDDC3E}.X64Release|Win32.ActiveCfg = Release|Win32
		{DFE2D058-88B1-47EA-AE6D-2E4C89CDDC3E}.X64Release|Win32.Build.0 = Release|Win32
		{8407858F-BD8E-45D2-B11A-0A80FF96BD92}.Bot_Release|Win32.ActiveCfg = Bot_Release|Win32
		{8407858F-BD8E-45D2-B11A-0A80FF96BD92}.Bot_Release|Win32.Build.0 = Bot_Release|Win32
		{8407858F-BD8E-45D2-B11A-0A80FF96BD92}.Debug - .Net|Win32.ActiveCfg = Debug|Win32
		{8407858F-BD8E-45D2-B11A-0A80FF96BD92}.Debug - .Net|Win32.Build.0 = Debug|Win32
		{8407858F-BD8E-45D2-B11A-0A80FF96BD92}.Debug|Win32.ActiveCfg = Debug|Win32
		{8407858F-BD8E-45D2-B11A-0A80FF96BD92}.Debug|Win32.Build.0 = Debug|Win32
		{8407858F-BD8E-45D2-B11A-0A80FF96BD92}.dll_debug|Win32.ActiveCfg = Debug|Win32
		{8407858F-BD8E-45D2-B11A-0A80FF96BD92}.dll_debug|Win32.Build.0 = Debug|Win32
		{8407858F-BD8E-45D2-B11A-0A80FF96BD92}.dll_release|Win32.ActiveCfg = Debug|Win32
		{8407858F-BD8E-45D2-B11A-0A80FF96BD92}.dll_release|Win32.Build.0 = Debug|Win32
		{8407858F-BD8E-45D2-B11A-0A80FF96BD92}.Final Release|Win32.ActiveCfg = Release|Win32
		{8407858F-BD8E-45D2-B11A-0A80FF96BD92}.Final Release|Win32.Build.0 = Release|Win32
		{8407858F-BD8E-45D2-B11A-0A80FF96BD92}.Release - .Net|Win32.ActiveCfg = Release|Win32
		{8407858F-BD8E-45D2-B11A-0A80FF96BD92}.Release - .Net|Win32.Build.0 = Release|Win32
		{8407858F-BD8E-45D2-B11A-0A80FF96BD92}.Release|Win32.ActiveCfg = Release|Win32
		{8407858F-BD8E-45D2-B11A-0A80FF96BD92}.Release|Win32.Build.0 = Release|Win32
		{8407858F-BD8E-45D2-B11A-0A80FF96BD92}.X64Release|Win32.ActiveCfg = Release|Win32
		{8407858F-BD8E-45D2-B11A-0A80FF96BD92}.X64Release|Win32.Build.0 = Release|Win32
		{2351FB45-496F-4A41-AC5F-F6CE30A7D521}.Bot_Release|Win32.ActiveCfg = Bot_Release|Win32
		{2351FB45-496F-4A41-AC5F-F6CE30A7D521}.Bot_Release|Win32.Build.0 = Bot_Release|Win32
		{2351FB45-496F-4A41-AC5F-F6CE30A7D521}.Debug - .Net|Win32.ActiveCfg = Debug|Win32
		{2351FB45-496F-4A41-AC5F-F6CE30A7D521}.Debug - .Net|Win32.Build.0 = Debug|Win32
		{2351FB45-496F-4A41-AC5F-F6CE30A7D521}.Debug|Win32.ActiveCfg = Debug|Win32
		{2351FB45-496F-4A41-AC5F-F6CE30A7D521}.Debug|Win32.Build.0 = Debug|Win32
		{2351FB45-496F-4A41-AC5F-F6CE30A7D521}.dll_debug|Win32.ActiveCfg = Debug|Win32
		{2351FB45-496F-4A41-AC5F-F6CE30A7D521}.dll_debug|Win32.Build.0 = Debug|Win32
		{2351FB45-496F-4A41-AC5F-F6CE30A7D521}.dll_release|Win32.ActiveCfg = Debug|Win32
		{2351FB45-496F-4A41-AC5F-F6CE30A7D521}.dll_release|Win32.Build.0 = Debug|Win32
		{2351FB45-496F-4A41-AC5F-F6CE30A7D521}.Final Release|Win32.ActiveCfg = Release|Win32
		{2351FB45-496F-4A41-AC5F-F6CE30A7D521}.Final Release|Win32.Build.0 = Release|Win32
		{2351FB45-496F-4A41-AC5F-F6CE30A7D521}.Release - .Net|Win32.ActiveCfg = Release|Win32
		{2351FB45-496F-4A41-AC5F-F6CE30A7D521}.Release - .Net|Win32.Build.0 = Release|Win32
		{2351FB45-496F-4A41-AC5F-F6CE30A7D521}.Release|Win32.ActiveCfg = Release|Win32
		{2351FB45-496F-4A41-AC5F-F6CE30A7D521}.Release|Win32.Build.0 = Release|Win32
		{2351FB45-496F-4A41-AC5F-F6CE30A7D521}.X64Release|Win32.ActiveCfg = Release|Win32
		{2351FB45-496F-4A41-AC5F-F6CE30A7D521}.X64Release|Win32.Build.0 = Release|Win32
		{E0CB2DDA-85AA-414E-A21D-4A13985C5251}.Bot_Release|Win32.ActiveCfg = Bot_Release|Win32
		{E0CB2DDA-85AA-414E-A21D-4A13985C5251}.Bot_Release|Win32.Build.0 = Bot_Release|Win32
		{E0CB2DDA-85AA-414E-A21D-4A13985C5251}.Debug - .Net|Win32.ActiveCfg = Debug|Win32
		{E0CB2DDA-85AA-414E-A21D-4A13985C5251}.Debug - .Net|Win32.Build.0 = Debug|Win32
		{E0CB2DDA-85AA-414E-A21D-4A13985C5251}.Debug|Win32.ActiveCfg = Debug|Win32
		{E0CB2DDA-85AA-414E-A21D-4A13985C5251}.Debug|Win32.Build.0 = Debug|Win32
		{E0CB2DDA-85AA-414E-A21D-4A13985C5251}.dll_debug|Win32.ActiveCfg = Debug|Win32
		{E0CB2DDA-85AA-414E-A21D-4A13985C5251}.dll_debug|Win32.Build.0 = Debug|Win32
		{E0CB2DDA-85AA-414E-A21D-4A13985C5251}.dll_release|Win32.ActiveCfg = Debug|Win32
		{E0CB2DDA-85AA-414E-A21D-4A13985C5251}.dll_release|Win32.Build.0 = Debug|Win32
		{E0CB2DDA-85AA-414E-A21D-4A13985C5251}.Final Release|Win32.ActiveCfg = Release|Win32
		{E0CB2DDA-85AA-414E-A21D-4A13985C5251}.Final Release|Win32.Build.0 = Release|Win32
		{E0CB2DDA-85AA-414E-A21D-4A13985C5251}.Release - .Net|Win32.ActiveCfg = Release|Win32
		{E0CB2DDA-85AA-414E-A21D-4A13985C5251}.Release - .Net|Win32.Build.0 = Release|Win32
		{E0CB2DDA-85AA-414E-A21D-4A13985C5251}.Release|Win32.ActiveCfg = Release|Win32
		{E0CB2DDA-85AA-414E-A21D-4A13985C5251}.Release|Win32.Build.0 = Release|Win32
		{E0CB2DDA-85AA-414E-A21D-4A13985C5251}.X64Release|Win32.ActiveCfg = Release|Win32
		{E0CB2DDA-85AA-414E-A21D-4A13985C5251}.X64Release|Win32.Build.0 = Release|Win32
		{E43C9B72-6776-4E0B-B435-11132E457CD2}.Bot_Release|Win32.ActiveCfg = Bot_Release|Win32
		{E43C9B72-6776-4E0B-B435-11132E457CD2}.Bot_Release|Win32.Build.0 = Bot_Release|Win32
		{E43C9B72-6776-4E0B-B435-11132E457CD2}.Debug - .Net|Win32.ActiveCfg = Debug|Win32
		{E43C9B72-6776-4E0B-B435-11132E457CD2}.Debug - .Net|Win32.Build.0 = Debug|Win32
		{E43C9B72-6776-4E0B-B435-11132E457CD2}.Debug|Win32.ActiveCfg = Debug|Win32
		{E43C9B72-6776-4E0B-B435-11132E457CD2}.Debug|Win32.Build.0 = Debug|Win32
		{E43C9B72-6776-4E0B-B435-11132E457CD2}.dll_debug|Win32.ActiveCfg = Debug|Win32
		{E43C9B72-6776-4E0B-B435-11132E457CD2}.dll_debug|Win32.Build.0 = Debug|Win32
		{E43C9B72-6776-4E0B-B435-11132E457CD2}.dll_release|Win32.ActiveCfg = Debug|Win32
		{E43C9B72-6776-4E0B-B435-11132E457CD2}.dll_release|Win32.Build.0 = Debug|Win32
		{E43C9B72-6776-4E0B-B435-11132E457CD2}.Final Release|Win32.ActiveCfg = Release|Win32
		{E43C9B72-6776-4E0B-B435-11132E457CD2}.Final Release|Win32.Build.0 = Release|Win32
		{E43C9B72-6776-4E0B-B435-11132E457CD2}.Release - .Net|Win32.ActiveCfg = Release|Win32
		{E43C9B72-6776-4E0B-B435-11132E457CD2}.Release - .Net|Win32.Build.0 = Release|Win32
		{E43C9B72-6776-4E0B-B435-11132E457CD2}.Release|Win32.ActiveCfg = Release|Win32
		{E43C9B72-6776-4E0B-B435-11132E457CD2}.Release|Win32.Build.0 = Release|Win32
		{E43C9B72-6776-4E0B-B435-11132E457CD2}.X64Release|Win32.ActiveCfg = Release|Win32
		{E43C9B72-6776-4E0B-B435-11132E457CD2}.X64Release|Win32.Build.0 = Release|Win32
		{80C6F471-54FE-44FE-AD32-CC65AD912D3E}.Bot_Release|Win32.ActiveCfg = Bot_Release|Win32
		{80C6F471-54FE-44FE-AD32-CC65AD912D3E}.Bot_Release|Win32.Build.0 = Bot_Release|Win32
		{80C6F471-54FE-44FE-AD32-CC65AD912D3E}.Debug - .Net|Win32.ActiveCfg = Debug|Win32
		{80C6F471-54FE-44FE-AD32-CC65AD912D3E}.Debug - .Net|Win32.Build.0 = Debug|Win32
		{80C6F471-54FE-44FE-AD32-CC65AD912D3E}.Debug|Win32.ActiveCfg = Debug|Win32
		{80C6F471-54FE-44FE-AD32-CC65AD912D3E}.Debug|Win32.Build.0 = Debug|Win32
		{80C6F471-54FE-44FE-AD32-CC65AD912D3E}.dll_debug|Win32.ActiveCfg = Debug|Win32
		{80C6F471-54FE-44FE-AD32-CC65AD912D3E}.dll_debug|Win32.Build.0 = Debug|Win32
		{80C6F471-54FE-44FE-AD32-CC65AD912D3E}.dll_release|Win32.ActiveCfg = Debug|Win32
		{80C6F471-54FE-44FE-AD32-CC65AD912D3E}.dll_release|Win32.Build.0 = Debug|Win32
		{80C6F471-54FE-44FE-AD32-CC65AD912D3E}.Final Release|Win32.ActiveCfg = Release|Win32
		{80C6F471-54FE-44FE-AD32-CC65AD912D3E}.Final Release|Win32.Build.0 = Release|Win32
		{80C6F471-54FE-44FE-AD32-CC65AD912D3E}.Release - .Net|Win32.ActiveCfg = Release|Win32
		{80C6F471-54FE-44FE-AD32-CC65AD912D3E}.Release - .Net|Win32.Build.0 = Release|Win32
		{80C6F471-54FE-44FE-AD32-CC65AD912D3E}.Release|Win32.ActiveCfg = Release|Win32
		{80C6F471-54FE-44FE-AD32-CC65AD912D3E}.Release|Win32.Build.0 = Release|Win32
		{80C6F471-54FE-44FE-AD32-CC65AD912D3E}.X64Release|Win32.ActiveCfg = Release|Win32
		{80C6F471-54FE-44FE-AD32-CC65AD912D3E}.X64Release|Win32.Build.0 = Release|Win32
		{2470A567-DDF0-4EAA-815C-691E512DFB85}.Bot_Release|Win32.ActiveCfg = Bot_Release|Win32
		{2470A567-DDF0-4EAA-815C-691E512DFB85}.Bot_Release|Win32.Build.0 = Bot_Release|Win32
		{2470A567-DDF0-4EAA-815C-691E512DFB85}.Debug - .Net|Win32.ActiveCfg = Debug|Win32
		{2470A567-DDF0-4EAA-815C-691E512DFB85}.Debug - .Net|Win32.Build.0 = Debug|Win32
		{2470A567-DDF0-4EAA-815C-691E512DFB85}.Debug|Win32.ActiveCfg = Debug|Win32
		{2470A567-DDF0-4EAA-815C-691E512DFB85}.Debug|Win32.Build.0 = Debug|Win32
		{2470A567-DDF0-4EAA-815C-691E512DFB85}.dll_debug|Win32.ActiveCfg = Debug|Win32
		{2470A567-DDF0-4EAA-815C-691E512DFB85}.dll_debug|Win32.Build.0 = Debug|Win32
		{2470A567-DDF0-4EAA-815C-691E512DFB85}.dll_release|Win32.ActiveCfg = Debug|Win32
		{2470A567-DDF0-4EAA-815C-691E512DFB85}.dll_release|Win32.Build.0 = Debug|Win32
		{2470A567-DDF0-4EAA-815C-691E512DFB85}.Final Release|Win32.ActiveCfg = Release|Win32
		{2470A567-DDF0-4EAA-815C-691E512DFB85}.Final Release|Win32.Build.0 = Release|Win32
		{2470A567-DDF0-4EAA-815C-691E512DFB85}.Release - .Net|Win32.ActiveCfg = Release|Win32
		{2470A567-DDF0-4EAA-815C-691E512DFB85}.Release - .Net|Win32.Build.0 = Release|Win32
		{2470A567-DDF0-4EAA-815C-691E512DFB85}.Release|Win32.ActiveCfg = Release|Win32
		{2470A567-DDF0-4EAA-815C-691E512DFB85}.Release|Win32.Build.0 = Release|Win32
		{2470A567-DDF0-4EAA-815C-691E512DFB85}.X64Release|Win32.ActiveCfg = Release|Win32
		{2470A567-DDF0-4EAA-815C-691E512DFB85}.X64Release|Win32.Build.0 = Release|Win32
		{20C4B0FB-C083-4C51-AAF2-9B6303E36D30}.Bot_Release|Win32.ActiveCfg = Bot_Release|Win32
		{20C4B0FB-C083-4C51-AAF2-9B6303E36D30}.Bot_Release|Win32.Build.0 = Bot_Release|Win32
		{20C4B0FB-C083-4C51-AAF2-9B6303E36D30}.Debug - .Net|Win32.ActiveCfg = Debug|Win32
		{20C4B0FB-C083-4C51-AAF2-9B6303E36D30}.Debug - .Net|Win32.Build.0 = Debug|Win32
		{20C4B0FB-C083-4C51-AAF2-9B6303E36D30}.Debug|Win32.ActiveCfg = Debug|Win32
		{20C4B0FB-C083-4C51-AAF2-9B6303E36D30}.Debug|Win32.Build.0 = Debug|Win32
		{20C4B0FB-C083-4C51-AAF2-9B6303E36D30}.dll_debug|Win32.ActiveCfg = Debug|Win32
		{20C4B0FB-C083-4C51-AAF2-9B6303E36D30}.dll_debug|Win32.Build.0 = Debug|Win32
		{20C4B0FB-C083-4C51-AAF2-9B6303E36D30}.dll_release|Win32.ActiveCfg = Debug|Win32
		{20C4B0FB-C083-4C51-AAF2-9B6303E36D30}.dll_release|Win32.Build.0 = Debug|Win32
		{20C4B0FB-C083-4C51-AAF2-9B6303E36D30}.Final Release|Win32.ActiveCfg = Release|Win32
		{20C4B0FB-C083-4C51-AAF2-9B6303E36D30}.Final Release|Win32.Build.0 = Release|Win32
		{20C4B0FB-C083-4C51-AAF2-9B6303E36D30}.Release - .Net|Win32.ActiveCfg = Release|Win32
		{20C4B0FB-C083-4C51-AAF2-9B6303E36D30}.Release - .Net|Win32.Build.0 = Release|Win32
		{20C4B0FB-C083-4C51-AAF2-9B6303E36D30}.Release|Win32.ActiveCfg = Release|Win32
		{20C4B0FB-C083-4C51-AAF2-9B6303E36D30}.Release|Win32.Build.0 = Release|Win32
		{20C4B0FB-C083-4C51-AAF2-9B6303E36D30}.X64Release|Win32.ActiveCfg = Release|Win32
		{20C4B0FB-C083-4C51-AAF2-9B6303E36D30}.X64Release|Win32.Build.0 = Release|Win32
		{518CFCE4-34AF-45D9-B535-E4EE7454C4D4}.Bot_Release|Win32.ActiveCfg = Bot_Release|Win32
		{518CFCE4-34AF-45D9-B535-E4EE7454C4D4}.Bot_Release|Win32.Build.0 = Bot_Release|Win32
		{518CFCE4-34AF-45D9-B535-E4EE7454C4D4}.Debug - .Net|Win32.ActiveCfg = Debug|Win32
		{518CFCE4-34AF-45D9-B535-E4EE7454C4D4}.Debug - .Net|Win32.Build.0 = Debug|Win32
		{518CFCE4-34AF-45D9-B535-E4EE7454C4D4}.Debug|Win32.ActiveCfg = Debug|Win32
		{518CFCE4-34AF-45D9-B535-E4EE7454C4D4}.Debug|Win32.Build.0 = Debug|Win32
		{518CFCE4-34AF-45D9-B535-E4EE7454C4D4}.dll_debug|Win32.ActiveCfg = Debug|Win32
		{518CFCE4-34AF-45D9-B535-E4EE7454C4D4}.dll_debug|Win32.Build.0 = Debug|Win32
		{518CFCE4-34AF-45D9-B535-E4EE7454C4D4}.dll_release|Win32.ActiveCfg = Debug|Win32
		{518CFCE4-34AF-45D9-B535-E4EE7454C4D4}.dll_release|Win32.Build.0 = Debug|Win32
		{518CFCE4-34AF-45D9-B535-E4EE7454C4D4}.Final Release|Win32.ActiveCfg = Release|Win32
		{518CFCE4-34AF-45D9-B535-E4EE7454C4D4}.Final Release|Win32.Build.0 = Release|Win32
		{518CFCE4-34AF-45D9-B535-E4EE7454C4D4}.Release - .Net|Win32.ActiveCfg = Release|Win32
		{518CFCE4-34AF-45D9-B535-E4EE7454C4D4}.Release - .Net|Win32.Build.0 = Release|Win32
		{518CFCE4-34AF-45D9-B535-E4EE7454C4D4}.Release|Win32.ActiveCfg = Release|Win32
		{518CFCE4-34AF-45D9-B535-E4EE7454C4D4}.Release|Win32.Build.0 = Release|Win32
		{518CFCE4-34AF-45D9-B535-E4EE7454C4D4}.X64Release|Win32.ActiveCfg = Release|Win32
		{518CFCE4-34AF-45D9-B535-E4EE7454C4D4}.X64Release|Win32.Build.0 = Release|Win32
		{B177BD3F-5928-4AD7-A0A9-28451725A805}.Bot_Release|Win32.ActiveCfg = Bot_Release|Win32
		{B177BD3F-5928-4AD7-A0A9-28451725A805}.Bot_Release|Win32.Build.0 = Bot_Release|Win32
		{B177BD3F-5928-4AD7-A0A9-28451725A805}.Debug - .Net|Win32.ActiveCfg = Debug|Win32
		{B177BD3F-5928-4AD7-A0A9-28451725A805}.Debug - .Net|Win32.Build.0 = Debug|Win32
		{B177BD3F-5928-4AD7-A0A9-28451725A805}.Debug|Win32.ActiveCfg = Debug|Win32
		{B177BD3F-5928-4AD7-A0A9-28451725A805}.Debug|Win32.Build.0 = Debug|Win32
		{B177BD3F-5928-4AD7-A0A9-28451725A805}.dll_debug|Win32.ActiveCfg = Debug|Win32
		{B177BD3F-5928-4AD7-A0A9-28451725A805}.dll_debug|Win32.Build.0 = Debug|Win32
		{B177BD3F-5928-4AD7-A0A9-28451725A805}.dll_release|Win32.ActiveCfg = Debug|Win32
		{B177BD3F-5928-4AD7-A0A9-28451725A805}.dll_release|Win32.Build.0 = Debug|Win32
		{B177BD3F-5928-4AD7-A0A9-28451725A805}.Final Release|Win32.ActiveCfg = Release|Win32
		{B177BD3F-5928-4AD7-A0A9-28451725A805}.Final Release|Win32.Build.0 = Release|Win32
		{B177BD3F-5928-4AD7-A0A9-28451725A805}.Release - .Net|Win32.ActiveCfg = Release|Win32
		{B177BD3F-5928-4AD7-A0A9-28451725A805}.Release - .Net|Win32.Build.0 = Release|Win32
		{B177BD3F-5928-4AD7-A0A9-28451725A805}.Release|Win32.ActiveCfg = Release|Win32
		{B177BD3F-5928-4AD7-A0A9-28451725A805}.Release|Win32.Build.0 = Release|Win32
		{B177BD3F-5928-4AD7-A0A9-28451725A805}.X64Release|Win32.ActiveCfg = Release|Win32
		{B177BD3F-5928-4AD7-A0A9-28451725A805}.X64Release|Win32.Build.0 = Release|Win32
		{FCEE4F7D-8C1A-4694-9EF4-312CDF4C3CAE}.Bot_Release|Win32.ActiveCfg = Bot_Release|Win32
		{FCEE4F7D-8C1A-4694-9EF4-312CDF4C3CAE}.Bot_Release|Win32.Build.0 = Bot_Release|Win32
		{FCEE4F7D-8C1A-4694-9EF4-312CDF4C3CAE}.Debug - .Net|Win32.ActiveCfg = Debug|Win32
		{FCEE4F7D-8C1A-4694-9EF4-312CDF4C3CAE}.Debug - .Net|Win32.Build.0 = Debug|Win32
		{FCEE4F7D-8C1A-4694-9EF4-312CDF4C3CAE}.Debug|Win32.ActiveCfg = Debug|Win32
		{FCEE4F7D-8C1A-4694-9EF4-312CDF4C3CAE}.Debug|Win32.Build.0 = Debug|Win32
		{FCEE4F7D-8C1A-4694-9EF4-312CDF4C3CAE}.dll_debug|Win32.ActiveCfg = Debug|Win32
		{FCEE4F7D-8C1A-4694-9EF4-312CDF4C3CAE}.dll_debug|Win32.Build.0 = Debug|Win32
		{FCEE4F7D-8C1A-4694-9EF4-312CDF4C3CAE}.dll_release|Win32.ActiveCfg = Debug|Win32
		{FCEE4F7D-8C1A-4694-9EF4-312CDF4C3CAE}.dll_release|Win32.Build.0 = Debug|Win32
		{FCEE4F7D-8C1A-4694-9EF4-312CDF4C3CAE}.Final Release|Win32.ActiveCfg = Release|Win32
		{FCEE4F7D-8C1A-4694-9EF4-312CDF4C3CAE}.Final Release|Win32.Build.0 = Release|Win32
		{FCEE4F7D-8C1A-4694-9EF4-312CDF4C3CAE}.Release - .Net|Win32.ActiveCfg = Release|Win32
		{FCEE4F7D-8C1A-4694-9EF4-312CDF4C3CAE}.Release - .Net|Win32.Build.0 = Release|Win32
		{FCEE4F7D-8C1A-4694-9EF4-312CDF4C3CAE}.Release|Win32.ActiveCfg = Release|Win32
		{FCEE4F7D-8C1A-4694-9EF4-312CDF4C3CAE}.Release|Win32.Build.0 = Release|Win32
		{FCEE4F7D-8C1A-4694-9EF4-312CDF4C3CAE}.X64Release|Win32.ActiveCfg = Release|Win32
		{FCEE4F7D-8C1A-4694-9EF4-312CDF4C3CAE}.X64Release|Win32.Build.0 = Release|Win32
		{D690C04D-5E73-4C74-8A74-6D17627EFF8A}.Bot_Release|Win32.ActiveCfg = Bot_Release|Win32
		{D690C04D-5E73-4C74-8A74-6D17627EFF8A}.Bot_Release|Win32.Build.0 = Bot_Release|Win32
		{D690C04D-5E73-4C74-8A74-6D17627EFF8A}.Debug - .Net|Win32.ActiveCfg = Debug|Win32
		{D690C04D-5E73-4C74-8A74-6D17627EFF8A}.Debug - .Net|Win32.Build.0 = Debug|Win32
		{D690C04D-5E73-4C74-8A74-6D17627EFF8A}.Debug|Win32.ActiveCfg = Debug|Win32
		{D690C04D-5E73-4C74-8A74-6D17627EFF8A}.Debug|Win32.Build.0 = Debug|Win32
		{D690C04D-5E73-4C74-8A74-6D17627EFF8A}.dll_debug|Win32.ActiveCfg = Debug|Win32
		{D690C04D-5E73-4C74-8A74-6D17627EFF8A}.dll_debug|Win32.Build.0 = Debug|Win32
		{D690C04D-5E73-4C74-8A74-6D17627EFF8A}.dll_release|Win32.ActiveCfg = Debug|Win32
		{D690C04D-5E73-4C74-8A74-6D17627EFF8A}.dll_release|Win32.Build.0 = Debug|Win32
		{D690C04D-5E73-4C74-8A74-6D17627EFF8A}.Final Release|Win32.ActiveCfg = Release|Win32
		{D690C04D-5E73-4C74-8A74-6D17627EFF8A}.Final Release|Win32.Build.0 = Release|Win32
		{D690C04D-5E73-4C74-8A74-6D17627EFF8A}.Release - .Net|Win32.ActiveCfg = Release|Win32
		{D690C04D-5E73-4C74-8A74-6D17627EFF8A}.Release - .Net|Win32.Build.0 = Release|Win32
		{D690C04D-5E73-4C74-8A74-6D17627EFF8A}.Release|Win32.ActiveCfg = Release|Win32
		{D690C04D-5E73-4C74-8A74-6D17627EFF8A}.Release|Win32.Build.0 = Release|Win32
		{D690C04D-5E73-4C74-8A74-6D17627EFF8A}.X64Release|Win32.ActiveCfg = Release|Win32
		{D690C04D-5E73-4C74-8A74-6D17627EFF8A}.X64Release|Win32.Build.0 = Release|Win32
		{FEFCAD7A-F3BA-4060-8711-B0912139F159}.Bot_Release|Win32.ActiveCfg = Bot_Release|Win32
		{FEFCAD7A-F3BA-4060-8711-B0912139F159}.Bot_Release|Win32.Build.0 = Bot_Release|Win32
		{FEFCAD7A-F3BA-4060-8711-B0912139F159}.Debug - .Net|Win32.ActiveCfg = Debug|Win32
		{FEFCAD7A-F3BA-4060-8711-B0912139F159}.Debug - .Net|Win32.Build.0 = Debug|Win32
		{FEFCAD7A-F3BA-4060-8711-B0912139F159}.Debug|Win32.ActiveCfg = Debug|Win32
		{FEFCAD7A-F3BA-4060-8711-B0912139F159}.Debug|Win32.Build.0 = Debug|Win32
		{FEFCAD7A-F3BA-4060-8711-B0912139F159}.dll_debug|Win32.ActiveCfg = Debug|Win32
		{FEFCAD7A-F3BA-4060-8711-B0912139F159}.dll_debug|Win32.Build.0 = Debug|Win32
		{FEFCAD7A-F3BA-4060-8711-B0912139F159}.dll_release|Win32.ActiveCfg = Debug|Win32
		{FEFCAD7A-F3BA-4060-8711-B0912139F159}.dll_release|Win32.Build.0 = Debug|Win32
		{FEFCAD7A-F3BA-4060-8711-B0912139F159}.Final Release|Win32.ActiveCfg = Release|Win32
		{FEFCAD7A-F3BA-4060-8711-B0912139F159}.Final Release|Win32.Build.0 = Release|Win32
		{FEFCAD7A-F3BA-4060-8711-B0912139F159}.Release - .Net|Win32.ActiveCfg = Release|Win32
		{FEFCAD7A-F3BA-4060-8711-B0912139F159}.Release - .Net|Win32.Build.0 = Release|Win32
		{FEFCAD7A-F3BA-4060-8711-B0912139F159}.Release|Win32.ActiveCfg = Release|Win32
		{FEFCAD7A-F3BA-4060-8711-B0912139F159}.Release|Win32.Build.0 = Release|Win32
		{FEFCAD7A-F3BA-4060-8711-B0912139F159}.X64Release|Win32.ActiveCfg = Release|Win32
		{FEFCAD7A-F3BA-4060-8711-B0912139F159}.X64Release|Win32.Build.0 = Release|Win32
		{BAB5C221-4DE4-4B51-BFA3-B6BD650C4641}.Bot_Release|Win32.ActiveCfg = Release|Win32
		{BAB5C221-4DE4-4B51-BFA3-B6BD650C4641}.Bot_Release|Win32.Build.0 = Release|Win32
		{BAB5C221-4DE4-4B51-BFA3-B6BD650C4641}.Debug - .Net|Win32.ActiveCfg = Debug|Win32
		{BAB5C221-4DE4-4B51-BFA3-B6BD650C4641}.Debug - .Net|Win32.Build.0 = Debug|Win32
		{BAB5C221-4DE4-4B51-BFA3-B6BD650C4641}.Debug|Win32.ActiveCfg = Debug|Win32
		{BAB5C221-4DE4-4B51-BFA3-B6BD650C4641}.Debug|Win32.Build.0 = Debug|Win32
		{BAB5C221-4DE4-4B51-BFA3-B6BD650C4641}.dll_debug|Win32.ActiveCfg = Debug|Win32
		{BAB5C221-4DE4-4B51-BFA3-B6BD650C4641}.dll_debug|Win32.Build.0 = Debug|Win32
		{BAB5C221-4DE4-4B51-BFA3-B6BD650C4641}.dll_release|Win32.ActiveCfg = Debug|Win32
		{BAB5C221-4DE4-4B51-BFA3-B6BD650C4641}.dll_release|Win32.Build.0 = Debug|Win32
		{BAB5C221-4DE4-4B51-BFA3-B6BD650C4641}.Final Release|Win32.ActiveCfg = Final Release|Win32
		{BAB5C221-4DE4-4B51-BFA3-B6BD650C4641}.Final Release|Win32.Build.0 = Final Release|Win32
		{BAB5C221-4DE4-4B51-BFA3-B6BD650C4641}.Release - .Net|Win32.ActiveCfg = Release|Win32
		{BAB5C221-4DE4-4B51-BFA3-B6BD650C4641}.Release - .Net|Win32.Build.0 = Release|Win32
		{BAB5C221-4DE4-4B51-BFA3-B6BD650C4641}.Release|Win32.ActiveCfg = Release|Win32
		{BAB5C221-4DE4-4B51-BFA3-B6BD650C4641}.Release|Win32.Build.0 = Release|Win32
		{BAB5C221-4DE4-4B51-BFA3-B6BD650C4641}.X64Release|Win32.ActiveCfg = Release|Win32
		{BAB5C221-4DE4-4B51-BFA3-B6BD650C4641}.X64Release|Win32.Build.0 = Release|Win32
		{E36AB82B-04BA-4463-A11E-6E55D303843A}.Bot_Release|Win32.ActiveCfg = Bot_Release|Win32
		{E36AB82B-04BA-4463-A11E-6E55D303843A}.Bot_Release|Win32.Build.0 = Bot_Release|Win32
		{E36AB82B-04BA-4463-A11E-6E55D303843A}.Debug - .Net|Win32.ActiveCfg = Debug|Win32
		{E36AB82B-04BA-4463-A11E-6E55D303843A}.Debug - .Net|Win32.Build.0 = Debug|Win32
		{E36AB82B-04BA-4463-A11E-6E55D303843A}.Debug|Win32.ActiveCfg = Debug|Win32
		{E36AB82B-04BA-4463-A11E-6E55D303843A}.Debug|Win32.Build.0 = Debug|Win32
		{E36AB82B-04BA-4463-A11E-6E55D303843A}.dll_debug|Win32.ActiveCfg = dll_debug|Win32
		{E36AB82B-04BA-4463-A11E-6E55D303843A}.dll_debug|Win32.Build.0 = dll_debug|Win32
		{E36AB82B-04BA-4463-A11E-6E55D303843A}.dll_release|Win32.ActiveCfg = dll_release|Win32
		{E36AB82B-04BA-4463-A11E-6E55D303843A}.dll_release|Win32.Build.0 = dll_release|Win32
		{E36AB82B-04BA-4463-A11E-6E55D303843A}.Final Release|Win32.ActiveCfg = Release|Win32
		{E36AB82B-04BA-4463-A11E-6E55D303843A}.Final Release|Win32.Build.0 = Release|Win32
		{E36AB82B-04BA-4463-A11E-6E55D303843A}.Release - .Net|Win32.ActiveCfg = Release|Win32
		{E36AB82B-04BA-4463-A11E-6E55D303843A}.Release - .Net|Win32.Build.0 = Release|Win32
		{E36AB82B-04BA-4463-A11E-6E55D303843A}.Release|Win32.ActiveCfg = Release|Win32
		{E36AB82B-04BA-4463-A11E-6E55D303843A}.Release|Win32.Build.0 = Release|Win32
		{E36AB82B-04BA-4463-A11E-6E55D303843A}.X64Release|Win32.ActiveCfg = Release|Win32
		{E36AB82B-04BA-4463-A11E-6E55D303843A}.X64Release|Win32.Build.0 = Release|Win32
		{9A0E37E2-A1FF-4FB0-8EAF-B248A8B6A579}.Bot_Release|Win32.ActiveCfg = Bot_Release|Win32
		{9A0E37E2-A1FF-4FB0-8EAF-B248A8B6A579}.Bot_Release|Win32.Build.0 = Bot_Release|Win32
		{9A0E37E2-A1FF-4FB0-8EAF-B248A8B6A579}.Debug - .Net|Win32.ActiveCfg = Debug|Win32
		{9A0E37E2-A1FF-4FB0-8EAF-B248A8B6A579}.Debug - .Net|Win32.Build.0 = Debug|Win32
		{9A0E37E2-A1FF-4FB0-8EAF-B248A8B6A579}.Debug|Win32.ActiveCfg = Debug|Win32
		{9A0E37E2-A1FF-4FB0-8EAF-B248A8B6A579}.Debug|Win32.Build.0 = Debug|Win32
		{9A0E37E2-A1FF-4FB0-8EAF-B248A8B6A579}.dll_debug|Win32.ActiveCfg = Debug|Win32
		{9A0E37E2-A1FF-4FB0-8EAF-B248A8B6A579}.dll_debug|Win32.Build.0 = Debug|Win32
		{9A0E37E2-A1FF-4FB0-8EAF-B248A8B6A579}.dll_release|Win32.ActiveCfg = Debug|Win32
		{9A0E37E2-A1FF-4FB0-8EAF-B248A8B6A579}.dll_release|Win32.Build.0 = Debug|Win32
		{9A0E37E2-A1FF-4FB0-8EAF-B248A8B6A579}.Final Release|Win32.ActiveCfg = Final Release|Win32
		{9A0E37E2-A1FF-4FB0-8EAF-B248A8B6A579}.Final Release|Win32.Build.0 = Final Release|Win32
		{9A0E37E2-A1FF-4FB0-8EAF-B248A8B6A579}.Release - .Net|Win32.ActiveCfg = Release|Win32
		{9A0E37E2-A1FF-4FB0-8EAF-B248A8B6A579}.Release - .Net|Win32.Build.0 = Release|Win32
		{9A0E37E2-A1FF-4FB0-8EAF-B248A8B6A579}.Release|Win32.ActiveCfg = Release|Win32
		{9A0E37E2-A1FF-4FB0-8EAF-B248A8B6A579}.Release|Win32.Build.0 = Release|Win32
		{9A0E37E2-A1FF-4FB0-8EAF-B248A8B6A579}.X64Release|Win32.ActiveCfg = Release|Win32
		{9A0E37E2-A1FF-4FB0-8EAF-B248A8B6A579}.X64Release|Win32.Build.0 = Release|Win32
		{B41F38A7-8D71-43DC-8950-3637E34E692B}.Bot_Release|Win32.ActiveCfg = Bot_Release|Win32
		{B41F38A7-8D71-43DC-8950-3637E34E692B}.Bot_Release|Win32.Build.0 = Bot_Release|Win32
		{B41F38A7-8D71-43DC-8950-3637E34E692B}.Debug - .Net|Win32.ActiveCfg = Debug|Win32
		{B41F38A7-8D71-43DC-8950-3637E34E692B}.Debug - .Net|Win32.Build.0 = Debug|Win32
		{B41F38A7-8D71-43DC-8950-3637E34E692B}.Debug|Win32.ActiveCfg = Debug|Win32
		{B41F38A7-8D71-43DC-8950-3637E34E692B}.Debug|Win32.Build.0 = Debug|Win32
		{B41F38A7-8D71-43DC-8950-3637E34E692B}.dll_debug|Win32.ActiveCfg = Debug|Win32
		{B41F38A7-8D71-43DC-8950-3637E34E692B}.dll_debug|Win32.Build.0 = Debug|Win32
		{B41F38A7-8D71-43DC-8950-3637E34E692B}.dll_release|Win32.ActiveCfg = Debug|Win32
		{B41F38A7-8D71-43DC-8950-3637E34E692B}.dll_release|Win32.Build.0 = Debug|Win32
		{B41F38A7-8D71-43DC-8950-3637E34E692B}.Final Release|Win32.ActiveCfg = Final Release|Win32
		{B41F38A7-8D71-43DC-8950-3637E34E692B}.Final Release|Win32.Build.0 = Final Release|Win32
		{B41F38A7-8D71-43DC-8950-3637E34E692B}.Release - .Net|Win32.ActiveCfg = Release|Win32
		{B41F38A7-8D71-43DC-8950-3637E34E692B}.Release - .Net|Win32.Build.0 = Release|Win32
		{B41F38A7-8D71-43DC-8950-3637E34E692B}.Release|Win32.ActiveCfg = Release|Win32
		{B41F38A7-8D71-43DC-8950-3637E34E692B}.Release|Win32.Build.0 = Release|Win32
		{B41F38A7-8D71-43DC-8950-3637E34E692B}.X64Release|Win32.ActiveCfg = Release|Win32
		{B41F38A7-8D71-43DC-8950-3637E34E692B}.X64Release|Win32.Build.0 = Release|Win32
		{CA8BE98C-E306-4E0F-977E-B3C433D75CC6}.Bot_Release|Win32.ActiveCfg = Bot_Release|Win32
		{CA8BE98C-E306-4E0F-977E-B3C433D75CC6}.Bot_Release|Win32.Build.0 = Bot_Release|Win32
		{CA8BE98C-E306-4E0F-977E-B3C433D75CC6}.Debug - .Net|Win32.ActiveCfg = Debug|Win32
		{CA8BE98C-E306-4E0F-977E-B3C433D75CC6}.Debug - .Net|Win32.Build.0 = Debug|Win32
		{CA8BE98C-E306-4E0F-977E-B3C433D75CC6}.Debug|Win32.ActiveCfg = Debug|Win32
		{CA8BE98C-E306-4E0F-977E-B3C433D75CC6}.Debug|Win32.Build.0 = Debug|Win32
		{CA8BE98C-E306-4E0F-977E-B3C433D75CC6}.dll_debug|Win32.ActiveCfg = Debug|Win32
		{CA8BE98C-E306-4E0F-977E-B3C433D75CC6}.dll_debug|Win32.Build.0 = Debug|Win32
		{CA8BE98C-E306-4E0F-977E-B3C433D75CC6}.dll_release|Win32.ActiveCfg = Debug|Win32
		{CA8BE98C-E306-4E0F-977E-B3C433D75CC6}.dll_release|Win32.Build.0 = Debug|Win32
		{CA8BE98C-E306-4E0F-977E-B3C433D75CC6}.Final Release|Win32.ActiveCfg = Final Release|Win32
		{CA8BE98C-E306-4E0F-977E-B3C433D75CC6}.Final Release|Win32.Build.0 = Final Release|Win32
		{CA8BE98C-E306-4E0F-977E-B3C433D75CC6}.Release - .Net|Win32.ActiveCfg = Release|Win32
		{CA8BE98C-E306-4E0F-977E-B3C433D75CC6}.Release - .Net|Win32.Build.0 = Release|Win32
		{CA8BE98C-E306-4E0F-977E-B3C433D75CC6}.Release|Win32.ActiveCfg = Release|Win32
		{CA8BE98C-E306-4E0F-977E-B3C433D75CC6}.Release|Win32.Build.0 = Release|Win32
		{CA8BE98C-E306-4E0F-977E-B3C433D75CC6}.X64Release|Win32.ActiveCfg = Release|Win32
		{CA8BE98C-E306-4E0F-977E-B3C433D75CC6}.X64Release|Win32.Build.0 = Release|Win32
		{D59E68AD-EB46-412B-A055-66E0687297FB}.Bot_Release|Win32.ActiveCfg = Bot_Release|Win32
		{D59E68AD-EB46-412B-A055-66E0687297FB}.Bot_Release|Win32.Build.0 = Bot_Release|Win32
		{D59E68AD-EB46-412B-A055-66E0687297FB}.Debug - .Net|Win32.ActiveCfg = Debug|Win32
		{D59E68AD-EB46-412B-A055-66E0687297FB}.Debug - .Net|Win32.Build.0 = Debug|Win32
		{D59E68AD-EB46-412B-A055-66E0687297FB}.Debug|Win32.ActiveCfg = Debug|Win32
		{D59E68AD-EB46-412B-A055-66E0687297FB}.Debug|Win32.Build.0 = Debug|Win32
		{D59E68AD-EB46-412B-A055-66E0687297FB}.dll_debug|Win32.ActiveCfg = Debug|Win32
		{D59E68AD-EB46-412B-A055-66E0687297FB}.dll_debug|Win32.Build.0 = Debug|Win32
		{D59E68AD-EB46-412B-A055-66E0687297FB}.dll_release|Win32.ActiveCfg = Debug|Win32
		{D59E68AD-EB46-412B-A055-66E0687297FB}.dll_release|Win32.Build.0 = Debug|Win32
		{D59E68AD-EB46-412B-A055-66E0687297FB}.Final Release|Win32.ActiveCfg = Final Release|Win32
		{D59E68AD-EB46-412B-A055-66E0687297FB}.Final Release|Win32.Build.0 = Final Release|Win32
		{D59E68AD-EB46-412B-A055-66E0687297FB}.Release - .Net|Win32.ActiveCfg = Release|Win32
		{D59E68AD-EB46-412B-A055-66E0687297FB}.Release - .Net|Win32.Build.0 = Release|Win32
		{D59E68AD-EB46-412B-A055-66E0687297FB}.Release|Win32.ActiveCfg = Release|Win32
		{D59E68AD-EB46-412B-A055-66E0687297FB}.Release|Win32.Build.0 = Release|Win32
		{D59E68AD-EB46-412B-A055-66E0687297FB}.X64Release|Win32.ActiveCfg = Release|Win32
		{D59E68AD-EB46-412B-A055-66E0687297FB}.X64Release|Win32.Build.0 = Release|Win32
		{01E96406-B606-4A88-9ED8-3DFC0236A294}.Bot_Release|Win32.ActiveCfg = Bot_Release|Win32
		{01E96406-B606-4A88-9ED8-3DFC0236A294}.Bot_Release|Win32.Build.0 = Bot_Release|Win32
		{01E96406-B606-4A88-9ED8-3DFC0236A294}.Debug - .Net|Win32.ActiveCfg = Debug|Win32
		{01E96406-B606-4A88-9ED8-3DFC0236A294}.Debug - .Net|Win32.Build.0 = Debug|Win32
		{01E96406-B606-4A88-9ED8-3DFC0236A294}.Debug|Win32.ActiveCfg = Debug|Win32
		{01E96406-B606-4A88-9ED8-3DFC0236A294}.Debug|Win32.Build.0 = Debug|Win32
		{01E96406-B606-4A88-9ED8-3DFC0236A294}.dll_debug|Win32.ActiveCfg = dll_debug|Win32
		{01E96406-B606-4A88-9ED8-3DFC0236A294}.dll_debug|Win32.Build.0 = dll_debug|Win32
		{01E96406-B606-4A88-9ED8-3DFC0236A294}.dll_release|Win32.ActiveCfg = dll_release|Win32
		{01E96406-B606-4A88-9ED8-3DFC0236A294}.dll_release|Win32.Build.0 = dll_release|Win32
		{01E96406-B606-4A88-9ED8-3DFC0236A294}.Final Release|Win32.ActiveCfg = Release|Win32
		{01E96406-B606-4A88-9ED8-3DFC0236A294}.Final Release|Win32.Build.0 = Release|Win32
		{01E96406-B606-4A88-9ED8-3DFC0236A294}.Release - .Net|Win32.ActiveCfg = Release|Win32
		{01E96406-B606-4A88-9ED8-3DFC0236A294}.Release - .Net|Win32.Build.0 = Release|Win32
		{01E96406-B606-4A88-9ED8-3DFC0236A294}.Release|Win32.ActiveCfg = Release|Win32
		{01E96406-B606-4A88-9ED8-3DFC0236A294}.Release|Win32.Build.0 = Release|Win32
		{01E96406-B606-4A88-9ED8-3DFC0236A294}.X64Release|Win32.ActiveCfg = Release|Win32
		{01E96406-B606-4A88-9ED8-3DFC0236A294}.X64Release|Win32.Build.0 = Release|Win32
		{29D3B490-1EA0-4173-B746-5AAB53EDFC7B}.Bot_Release|Win32.ActiveCfg = Bot_Release|Win32
		{29D3B490-1EA0-4173-B746-5AAB53EDFC7B}.Bot_Release|Win32.Build.0 = Bot_Release|Win32
		{29D3B490-1EA0-4173-B746-5AAB53EDFC7B}.Debug - .Net|Win32.ActiveCfg = Debug|Win32
		{29D3B490-1EA0-4173-B746-5AAB53EDFC7B}.Debug - .Net|Win32.Build.0 = Debug|Win32
		{29D3B490-1EA0-4173-B746-5AAB53EDFC7B}.Debug|Win32.ActiveCfg = Debug|Win32
		{29D3B490-1EA0-4173-B746-5AAB53EDFC7B}.Debug|Win32.Build.0 = Debug|Win32
		{29D3B490-1EA0-4173-B746-5AAB53EDFC7B}.dll_debug|Win32.ActiveCfg = Debug|Win32
		{29D3B490-1EA0-4173-B746-5AAB53EDFC7B}.dll_debug|Win32.Build.0 = Debug|Win32
		{29D3B490-1EA0-4173-B746-5AAB53EDFC7B}.dll_release|Win32.ActiveCfg = Debug|Win32
		{29D3B490-1EA0-4173-B746-5AAB53EDFC7B}.dll_release|Win32.Build.0 = Debug|Win32
		{29D3B490-1EA0-4173-B746-5AAB53EDFC7B}.Final Release|Win32.ActiveCfg = Final Release|Win32
		{29D3B490-1EA0-4173-B746-5AAB53EDFC7B}.Final Release|Win32.Build.0 = Final Release|Win32
		{29D3B490-1EA0-4173-B746-5AAB53EDFC7B}.Release - .Net|Win32.ActiveCfg = Release|Win32
		{29D3B490-1EA0-4173-B746-5AAB53EDFC7B}.Release - .Net|Win32.Build.0 = Release|Win32
		{29D3B490-1EA0-4173-B746-5AAB53EDFC7B}.Release|Win32.ActiveCfg = Release|Win32
		{29D3B490-1EA0-4173-B746-5AAB53EDFC7B}.Release|Win32.Build.0 = Release|Win32
		{29D3B490-1EA0-4173-B746-5AAB53EDFC7B}.X64Release|Win32.ActiveCfg = Release|Win32
		{29D3B490-1EA0-4173-B746-5AAB53EDFC7B}.X64Release|Win32.Build.0 = Release|Win32
		{64412ED9-A2A1-4725-94E3-BE7F694052AA}.Bot_Release|Win32.ActiveCfg = Bot_Release|Win32
		{64412ED9-A2A1-4725-94E3-BE7F694052AA}.Bot_Release|Win32.Build.0 = Bot_Release|Win32
		{64412ED9-A2A1-4725-94E3-BE7F694052AA}.Debug - .Net|Win32.ActiveCfg = Debug - .Net|Win32
		{64412ED9-A2A1-4725-94E3-BE7F694052AA}.Debug - .Net|Win32.Build.0 = Debug - .Net|Win32
		{64412ED9-A2A1-4725-94E3-BE7F694052AA}.Debug|Win32.ActiveCfg = Debug|Win32
		{64412ED9-A2A1-4725-94E3-BE7F694052AA}.Debug|Win32.Build.0 = Debug|Win32
		{64412ED9-A2A1-4725-94E3-BE7F694052AA}.dll_debug|Win32.ActiveCfg = Debug - .Net|Win32
		{64412ED9-A2A1-4725-94E3-BE7F694052AA}.dll_debug|Win32.Build.0 = Debug - .Net|Win32
		{64412ED9-A2A1-4725-94E3-BE7F694052AA}.dll_release|Win32.ActiveCfg = Debug - .Net|Win32
		{64412ED9-A2A1-4725-94E3-BE7F694052AA}.dll_release|Win32.Build.0 = Debug - .Net|Win32
		{64412ED9-A2A1-4725-94E3-BE7F694052AA}.Final Release|Win32.ActiveCfg = Final Release|Win32
		{64412ED9-A2A1-4725-94E3-BE7F694052AA}.Final Release|Win32.Build.0 = Final Release|Win32
		{64412ED9-A2A1-4725-94E3-BE7F694052AA}.Release - .Net|Win32.ActiveCfg = Release - .Net|Win32
		{64412ED9-A2A1-4725-94E3-BE7F694052AA}.Release - .Net|Win32.Build.0 = Release - .Net|Win32
		{64412ED9-A2A1-4725-94E3-BE7F694052AA}.Release|Win32.ActiveCfg = Release|Win32
		{64412ED9-A2A1-4725-94E3-BE7F694052AA}.Release|Win32.Build.0 = Release|Win32
		{64412ED9-A2A1-4725-94E3-BE7F694052AA}.X64Release|Win32.ActiveCfg = X64Release|Win32
		{64412ED9-A2A1-4725-94E3-BE7F694052AA}.X64Release|Win32.Build.0 = X64Release|Win32
	EndGlobalSection
	GlobalSection(SolutionProperties) = preSolution
		HideSolutionNode = FALSE
	EndGlobalSection
	GlobalSection(NestedProjects) = preSolution
		{BAB5C221-4DE4-4B51-BFA3-B6BD650C4641} = {5BD2A7AE-861B-4DC7-AAA2-C2B19E856805}
		{63EB8172-0004-4831-B72F-548E28298C50} = {6BC0F09A-C8F4-412E-B35B-1F643D4BDD8C}
		{F4367ACA-D6B8-4637-A77F-4230687CBCBC} = {6BC0F09A-C8F4-412E-B35B-1F643D4BDD8C}
		{20756AEA-7EEB-4D7A-A90F-260F4BEF57A8} = {6BC0F09A-C8F4-412E-B35B-1F643D4BDD8C}
		{22B34556-EDEB-400C-A902-BDF329A22E9B} = {6BC0F09A-C8F4-412E-B35B-1F643D4BDD8C}
		{B07C7AD8-7061-4E0B-AA1A-9159F0E4D276} = {6BC0F09A-C8F4-412E-B35B-1F643D4BDD8C}
		{DFE2D058-88B1-47EA-AE6D-2E4C89CDDC3E} = {6BC0F09A-C8F4-412E-B35B-1F643D4BDD8C}
		{8407858F-BD8E-45D2-B11A-0A80FF96BD92} = {6BC0F09A-C8F4-412E-B35B-1F643D4BDD8C}
		{2351FB45-496F-4A41-AC5F-F6CE30A7D521} = {6BC0F09A-C8F4-412E-B35B-1F643D4BDD8C}
		{E0CB2DDA-85AA-414E-A21D-4A13985C5251} = {6BC0F09A-C8F4-412E-B35B-1F643D4BDD8C}
		{E43C9B72-6776-4E0B-B435-11132E457CD2} = {6BC0F09A-C8F4-412E-B35B-1F643D4BDD8C}
		{80C6F471-54FE-44FE-AD32-CC65AD912D3E} = {6BC0F09A-C8F4-412E-B35B-1F643D4BDD8C}
		{2470A567-DDF0-4EAA-815C-691E512DFB85} = {6BC0F09A-C8F4-412E-B35B-1F643D4BDD8C}
		{20C4B0FB-C083-4C51-AAF2-9B6303E36D30} = {6BC0F09A-C8F4-412E-B35B-1F643D4BDD8C}
		{518CFCE4-34AF-45D9-B535-E4EE7454C4D4} = {6BC0F09A-C8F4-412E-B35B-1F643D4BDD8C}
		{B177BD3F-5928-4AD7-A0A9-28451725A805} = {6BC0F09A-C8F4-412E-B35B-1F643D4BDD8C}
		{FCEE4F7D-8C1A-4694-9EF4-312CDF4C3CAE} = {6BC0F09A-C8F4-412E-B35B-1F643D4BDD8C}
		{D690C04D-5E73-4C74-8A74-6D17627EFF8A} = {6BC0F09A-C8F4-412E-B35B-1F643D4BDD8C}
		{FEFCAD7A-F3BA-4060-8711-B0912139F159} = {6BC0F09A-C8F4-412E-B35B-1F643D4BDD8C}
		{E36AB82B-04BA-4463-A11E-6E55D303843A} = {6BC0F09A-C8F4-412E-B35B-1F643D4BDD8C}
		{9A0E37E2-A1FF-4FB0-8EAF-B248A8B6A579} = {6BC0F09A-C8F4-412E-B35B-1F643D4BDD8C}
		{B41F38A7-8D71-43DC-8950-3637E34E692B} = {6BC0F09A-C8F4-412E-B35B-1F643D4BDD8C}
		{CA8BE98C-E306-4E0F-977E-B3C433D75CC6} = {6BC0F09A-C8F4-412E-B35B-1F643D4BDD8C}
		{D59E68AD-EB46-412B-A055-66E0687297FB} = {6BC0F09A-C8F4-412E-B35B-1F643D4BDD8C}
		{01E96406-B606-4A88-9ED8-3DFC0236A294} = {6BC0F09A-C8F4-412E-B35B-1F643D4BDD8C}
		{29D3B490-1EA0-4173-B746-5AAB53EDFC7B} = {6BC0F09A-C8F4-412E-B35B-1F643D4BDD8C}
		{64412ED9-A2A1-4725-94E3-BE7F694052AA} = {6BC0F09A-C8F4-412E-B35B-1F643D4BDD8C}
	EndGlobalSection
EndGlobal
