<?xml version="1.0" encoding="utf-8"?>
<Project ToolsVersion="4.0" xmlns="http://schemas.microsoft.com/developer/msbuild/2003">
  <ItemGroup>
    <Filter Include="Source Files">
      <UniqueIdentifier>{a6a93a28-6e4a-4da0-aaae-c66cfbfc317a}</UniqueIdentifier>
      <Extensions>cpp;c;cxx;rc;def;r;odl;idl;hpj;bat</Extensions>
    </Filter>
    <Filter Include="Header Files">
      <UniqueIdentifier>{e8949430-b334-4fa0-9698-e1491cbfc2bb}</UniqueIdentifier>
      <Extensions>h;hpp;hxx;hm;inl</Extensions>
    </Filter>
    <Filter Include="Header Files\Resource Files">
      <UniqueIdentifier>{17b5fee5-f35a-4420-965b-a8a3056e1e50}</UniqueIdentifier>
      <Extensions>ico;cur;bmp;dlg;rc2;rct;bin;rgs;gif;jpg;jpeg;jpe</Extensions>
    </Filter>
    <Filter Include="Control">
      <UniqueIdentifier>{463fe62d-f10d-4800-bc2b-27de764c1ecf}</UniqueIdentifier>
    </Filter>
    <Filter Include="Dialog">
      <UniqueIdentifier>{410c731d-57cb-40b4-9075-de940e912fac}</UniqueIdentifier>
    </Filter>
  </ItemGroup>
  <ItemGroup>
    <ClCompile Include="CacheData.cpp">
      <Filter>Source Files</Filter>
    </ClCompile>
    <ClCompile Include="Config.cpp">
      <Filter>Source Files</Filter>
    </ClCompile>
    <ClCompile Include="Downloader.cpp">
      <Filter>Source Files</Filter>
    </ClCompile>
    <ClCompile Include="DownloadList.cpp">
      <Filter>Source Files</Filter>
    </ClCompile>
    <ClCompile Include="IpfManager.cpp">
      <Filter>Source Files</Filter>
    </ClCompile>
    <ClCompile Include="Option.cpp">
      <Filter>Source Files</Filter>
    </ClCompile>
    <ClCompile Include="StdAfx.cpp">
      <Filter>Source Files</Filter>
    </ClCompile>
    <ClCompile Include="Updater.cpp">
      <Filter>Source Files</Filter>
    </ClCompile>
    <ClCompile Include="XML.cpp">
      <Filter>Source Files</Filter>
    </ClCompile>
    <ClCompile Include="shockwaveflashctrl.cpp">
      <Filter>Control</Filter>
    </ClCompile>
    <ClCompile Include="webbrowserctrl.cpp">
      <Filter>Control</Filter>
    </ClCompile>
    <ClCompile Include="NoticeDlg.cpp">
      <Filter>Dialog</Filter>
    </ClCompile>
    <ClCompile Include="UpdaterDlg.cpp">
      <Filter>Dialog</Filter>
    </ClCompile>
    <ClCompile Include="UpdaterDlg_Update.cpp">
      <Filter>Dialog</Filter>
    </ClCompile>
  </ItemGroup>
  <ItemGroup>
    <ResourceCompile Include="Updater.rc">
      <Filter>Source Files</Filter>
    </ResourceCompile>
  </ItemGroup>
  <ItemGroup>
    <ClInclude Include="CacheData.h">
      <Filter>Header Files</Filter>
    </ClInclude>
    <ClInclude Include="Compress.h">
      <Filter>Header Files</Filter>
    </ClInclude>
    <ClInclude Include="Config.h">
      <Filter>Header Files</Filter>
    </ClInclude>
    <ClInclude Include="Downloader.h">
      <Filter>Header Files</Filter>
    </ClInclude>
    <ClInclude Include="DownloadList.h">
      <Filter>Header Files</Filter>
    </ClInclude>
    <ClInclude Include="FileFinder.h">
      <Filter>Header Files</Filter>
    </ClInclude>
    <ClInclude Include="IpfManager.h">
      <Filter>Header Files</Filter>
    </ClInclude>
    <ClInclude Include="Option.h">
      <Filter>Header Files</Filter>
    </ClInclude>
    <ClInclude Include="Resource.h">
      <Filter>Header Files</Filter>
    </ClInclude>
    <ClInclude Include="StdAfx.h">
      <Filter>Header Files</Filter>
    </ClInclude>
    <ClInclude Include="structure.h">
      <Filter>Header Files</Filter>
    </ClInclude>
    <ClInclude Include="Updater.h">
      <Filter>Header Files</Filter>
    </ClInclude>
    <ClInclude Include="XML.h">
      <Filter>Header Files</Filter>
    </ClInclude>
    <ClInclude Include="ShockwaveFlash.h">
      <Filter>Control</Filter>
    </ClInclude>
    <ClInclude Include="shockwaveflashctrl.h">
      <Filter>Control</Filter>
    </ClInclude>
    <ClInclude Include="webbrowserctrl.h">
      <Filter>Control</Filter>
    </ClInclude>
    <ClInclude Include="NoticeDlg.h">
      <Filter>Dialog</Filter>
    </ClInclude>
    <ClInclude Include="UpdaterDlg.h">
      <Filter>Dialog</Filter>
    </ClInclude>
  </ItemGroup>
  <ItemGroup>
    <Image Include="res\logo.ico">
      <Filter>Header Files\Resource Files</Filter>
    </Image>
    <Image Include="res\Updater.ico">
      <Filter>Header Files\Resource Files</Filter>
    </Image>
  </ItemGroup>
  <ItemGroup>
    <None Include="res\Updater.rc2">
      <Filter>Header Files\Resource Files</Filter>
    </None>
  </ItemGroup>
</Project>