
Microsoft Visual Studio Solution File, Format Version 10.00
# Visual Studio 2008
Project("{2150E333-8FDC-42A3-9474-1A3956D46DE8}") = "Dependencies", "Dependencies", "{C0B3E42B-8226-463C-93C5-C0648332A75D}"
EndProject
Project("{8BC9CEB8-8B4A-11D0-8D11-00A0C91BC942}") = "UnitTestAll", "UnitTestAll.vcproj", "{5B622515-3525-49B6-AD04-DEB956DC3E5F}"
	ProjectSection(ProjectDependencies) = postProject
		{B177BD3F-5928-4AD7-A0A9-28451725A805} = {B177BD3F-5928-4AD7-A0A9-28451725A805}
		{2351FB45-496F-4A41-AC5F-F6CE30A7D521} = {2351FB45-496F-4A41-AC5F-F6CE30A7D521}
		{22B34556-EDEB-400C-A902-BDF329A22E9B} = {22B34556-EDEB-400C-A902-BDF329A22E9B}
		{63EB8172-0004-4831-B72F-548E28298C50} = {63EB8172-0004-4831-B72F-548E28298C50}
		{E43C9B72-6776-4E0B-B435-11132E457CD2} = {E43C9B72-6776-4E0B-B435-11132E457CD2}
		{B41F38A7-8D71-43DC-8950-3637E34E692B} = {B41F38A7-8D71-43DC-8950-3637E34E692B}
		{CFEB50B8-95AB-4110-AA15-F0D107248BCD} = {CFEB50B8-95AB-4110-AA15-F0D107248BCD}
		{F4367ACA-D6B8-4637-A77F-4230687CBCBC} = {F4367ACA-D6B8-4637-A77F-4230687CBCBC}
		{4B4B39D2-96C4-4EAA-8DCE-F67B9BE3A615} = {4B4B39D2-96C4-4EAA-8DCE-F67B9BE3A615}
		{B07C7AD8-7061-4E0B-AA1A-9159F0E4D276} = {B07C7AD8-7061-4E0B-AA1A-9159F0E4D276}
		{E0CB2DDA-85AA-414E-A21D-4A13985C5251} = {E0CB2DDA-85AA-414E-A21D-4A13985C5251}
		{64A4FEFE-0461-4E95-8CC1-91EF5F57DBC6} = {64A4FEFE-0461-4E95-8CC1-91EF5F57DBC6}
	EndProjectSection
EndProject
Project("{8BC9CEB8-8B4A-11D0-8D11-00A0C91BC942}") = "UnitTest++.vsnet2005", "..\UnitTest++\UnitTest++.vsnet2005.vcproj", "{64A4FEFE-0461-4E95-8CC1-91EF5F57DBC6}"
EndProject
Project("{8BC9CEB8-8B4A-11D0-8D11-00A0C91BC942}") = "imclib", "..\imclib\source\imclib.vcproj", "{F4367ACA-D6B8-4637-A77F-4230687CBCBC}"
EndProject
Project("{8BC9CEB8-8B4A-11D0-8D11-00A0C91BC942}") = "imcCore", "..\imcCore\source\imcCore.vcproj", "{22B34556-EDEB-400C-A902-BDF329A22E9B}"
EndProject
Project("{8BC9CEB8-8B4A-11D0-8D11-00A0C91BC942}") = "imcFileSys", "..\imcFileSys\imcFileSys.vcproj", "{B07C7AD8-7061-4E0B-AA1A-9159F0E4D276}"
EndProject
Project("{8BC9CEB8-8B4A-11D0-8D11-00A0C91BC942}") = "imcIES", "..\imcIES\source\imcIES.vcproj", "{2351FB45-496F-4A41-AC5F-F6CE30A7D521}"
EndProject
Project("{8BC9CEB8-8B4A-11D0-8D11-00A0C91BC942}") = "imc2d", "..\imc2d\source\imc2d.vcproj", "{B41F38A7-8D71-43DC-8950-3637E34E692B}"
	ProjectSection(ProjectDependencies) = postProject
		{22B34556-EDEB-400C-A902-BDF329A22E9B} = {22B34556-EDEB-400C-A902-BDF329A22E9B}
	EndProjectSection
EndProject
Project("{8BC9CEB8-8B4A-11D0-8D11-00A0C91BC942}") = "imcd3d9", "..\imcClientLib\imcd3d9\source\imcd3d9.vcproj", "{E43C9B72-6776-4E0B-B435-11132E457CD2}"
EndProject
Project("{8BC9CEB8-8B4A-11D0-8D11-00A0C91BC942}") = "imcXml", "..\imcXml\source\imcXml.vcproj", "{63EB8172-0004-4831-B72F-548E28298C50}"
EndProject
Project("{8BC9CEB8-8B4A-11D0-8D11-00A0C91BC942}") = "imcRenderer", "..\imcClientLib\imcRenderer\source\imcRenderer.vcproj", "{4B4B39D2-96C4-4EAA-8DCE-F67B9BE3A615}"
EndProject
Project("{8BC9CEB8-8B4A-11D0-8D11-00A0C91BC942}") = "imcSound", "..\imcClientLib\imcSound\source\imcSound.vcproj", "{B177BD3F-5928-4AD7-A0A9-28451725A805}"
EndProject
Project("{8BC9CEB8-8B4A-11D0-8D11-00A0C91BC942}") = "imcTerrain", "..\imcTerrain\source\imcTerrain.vcproj", "{CFEB50B8-95AB-4110-AA15-F0D107248BCD}"
EndProject
Project("{8BC9CEB8-8B4A-11D0-8D11-00A0C91BC942}") = "imcIpf", "..\imcIpf\source\imcIpf.vcproj", "{E0CB2DDA-85AA-414E-A21D-4A13985C5251}"
EndProject
Global
	GlobalSection(SolutionConfigurationPlatforms) = preSolution
		Debug|Win32 = Debug|Win32
		Final Release|Win32 = Final Release|Win32
		Release|Win32 = Release|Win32
	EndGlobalSection
	GlobalSection(ProjectConfigurationPlatforms) = postSolution
		{5B622515-3525-49B6-AD04-DEB956DC3E5F}.Debug|Win32.ActiveCfg = Debug|Win32
		{5B622515-3525-49B6-AD04-DEB956DC3E5F}.Debug|Win32.Build.0 = Debug|Win32
		{5B622515-3525-49B6-AD04-DEB956DC3E5F}.Final Release|Win32.ActiveCfg = Release|Win32
		{5B622515-3525-49B6-AD04-DEB956DC3E5F}.Final Release|Win32.Build.0 = Release|Win32
		{5B622515-3525-49B6-AD04-DEB956DC3E5F}.Release|Win32.ActiveCfg = Release|Win32
		{5B622515-3525-49B6-AD04-DEB956DC3E5F}.Release|Win32.Build.0 = Release|Win32
		{64A4FEFE-0461-4E95-8CC1-91EF5F57DBC6}.Debug|Win32.ActiveCfg = Debug|Win32
		{64A4FEFE-0461-4E95-8CC1-91EF5F57DBC6}.Debug|Win32.Build.0 = Debug|Win32
		{64A4FEFE-0461-4E95-8CC1-91EF5F57DBC6}.Final Release|Win32.ActiveCfg = Release|Win32
		{64A4FEFE-0461-4E95-8CC1-91EF5F57DBC6}.Final Release|Win32.Build.0 = Release|Win32
		{64A4FEFE-0461-4E95-8CC1-91EF5F57DBC6}.Release|Win32.ActiveCfg = Release|Win32
		{64A4FEFE-0461-4E95-8CC1-91EF5F57DBC6}.Release|Win32.Build.0 = Release|Win32
		{F4367ACA-D6B8-4637-A77F-4230687CBCBC}.Debug|Win32.ActiveCfg = Debug|Win32
		{F4367ACA-D6B8-4637-A77F-4230687CBCBC}.Debug|Win32.Build.0 = Debug|Win32
		{F4367ACA-D6B8-4637-A77F-4230687CBCBC}.Final Release|Win32.ActiveCfg = Final Release|Win32
		{F4367ACA-D6B8-4637-A77F-4230687CBCBC}.Final Release|Win32.Build.0 = Final Release|Win32
		{F4367ACA-D6B8-4637-A77F-4230687CBCBC}.Release|Win32.ActiveCfg = Release|Win32
		{F4367ACA-D6B8-4637-A77F-4230687CBCBC}.Release|Win32.Build.0 = Release|Win32
		{22B34556-EDEB-400C-A902-BDF329A22E9B}.Debug|Win32.ActiveCfg = Debug|Win32
		{22B34556-EDEB-400C-A902-BDF329A22E9B}.Debug|Win32.Build.0 = Debug|Win32
		{22B34556-EDEB-400C-A902-BDF329A22E9B}.Final Release|Win32.ActiveCfg = Release|Win32
		{22B34556-EDEB-400C-A902-BDF329A22E9B}.Final Release|Win32.Build.0 = Release|Win32
		{22B34556-EDEB-400C-A902-BDF329A22E9B}.Release|Win32.ActiveCfg = Release|Win32
		{22B34556-EDEB-400C-A902-BDF329A22E9B}.Release|Win32.Build.0 = Release|Win32
		{B07C7AD8-7061-4E0B-AA1A-9159F0E4D276}.Debug|Win32.ActiveCfg = Debug|Win32
		{B07C7AD8-7061-4E0B-AA1A-9159F0E4D276}.Debug|Win32.Build.0 = Debug|Win32
		{B07C7AD8-7061-4E0B-AA1A-9159F0E4D276}.Final Release|Win32.ActiveCfg = Final Release|Win32
		{B07C7AD8-7061-4E0B-AA1A-9159F0E4D276}.Final Release|Win32.Build.0 = Final Release|Win32
		{B07C7AD8-7061-4E0B-AA1A-9159F0E4D276}.Release|Win32.ActiveCfg = Release|Win32
		{B07C7AD8-7061-4E0B-AA1A-9159F0E4D276}.Release|Win32.Build.0 = Release|Win32
		{2351FB45-496F-4A41-AC5F-F6CE30A7D521}.Debug|Win32.ActiveCfg = Debug|Win32
		{2351FB45-496F-4A41-AC5F-F6CE30A7D521}.Debug|Win32.Build.0 = Debug|Win32
		{2351FB45-496F-4A41-AC5F-F6CE30A7D521}.Final Release|Win32.ActiveCfg = Final Release|Win32
		{2351FB45-496F-4A41-AC5F-F6CE30A7D521}.Final Release|Win32.Build.0 = Final Release|Win32
		{2351FB45-496F-4A41-AC5F-F6CE30A7D521}.Release|Win32.ActiveCfg = Release|Win32
		{2351FB45-496F-4A41-AC5F-F6CE30A7D521}.Release|Win32.Build.0 = Release|Win32
		{B41F38A7-8D71-43DC-8950-3637E34E692B}.Debug|Win32.ActiveCfg = Debug|Win32
		{B41F38A7-8D71-43DC-8950-3637E34E692B}.Debug|Win32.Build.0 = Debug|Win32
		{B41F38A7-8D71-43DC-8950-3637E34E692B}.Final Release|Win32.ActiveCfg = Release|Win32
		{B41F38A7-8D71-43DC-8950-3637E34E692B}.Final Release|Win32.Build.0 = Release|Win32
		{B41F38A7-8D71-43DC-8950-3637E34E692B}.Release|Win32.ActiveCfg = Release|Win32
		{B41F38A7-8D71-43DC-8950-3637E34E692B}.Release|Win32.Build.0 = Release|Win32
		{E43C9B72-6776-4E0B-B435-11132E457CD2}.Debug|Win32.ActiveCfg = Debug|Win32
		{E43C9B72-6776-4E0B-B435-11132E457CD2}.Debug|Win32.Build.0 = Debug|Win32
		{E43C9B72-6776-4E0B-B435-11132E457CD2}.Final Release|Win32.ActiveCfg = Release|Win32
		{E43C9B72-6776-4E0B-B435-11132E457CD2}.Final Release|Win32.Build.0 = Release|Win32
		{E43C9B72-6776-4E0B-B435-11132E457CD2}.Release|Win32.ActiveCfg = Release|Win32
		{E43C9B72-6776-4E0B-B435-11132E457CD2}.Release|Win32.Build.0 = Release|Win32
		{63EB8172-0004-4831-B72F-548E28298C50}.Debug|Win32.ActiveCfg = Debug|Win32
		{63EB8172-0004-4831-B72F-548E28298C50}.Debug|Win32.Build.0 = Debug|Win32
		{63EB8172-0004-4831-B72F-548E28298C50}.Final Release|Win32.ActiveCfg = Release|Win32
		{63EB8172-0004-4831-B72F-548E28298C50}.Final Release|Win32.Build.0 = Release|Win32
		{63EB8172-0004-4831-B72F-548E28298C50}.Release|Win32.ActiveCfg = Release|Win32
		{63EB8172-0004-4831-B72F-548E28298C50}.Release|Win32.Build.0 = Release|Win32
		{4B4B39D2-96C4-4EAA-8DCE-F67B9BE3A615}.Debug|Win32.ActiveCfg = Debug|Win32
		{4B4B39D2-96C4-4EAA-8DCE-F67B9BE3A615}.Debug|Win32.Build.0 = Debug|Win32
		{4B4B39D2-96C4-4EAA-8DCE-F67B9BE3A615}.Final Release|Win32.ActiveCfg = Release|Win32
		{4B4B39D2-96C4-4EAA-8DCE-F67B9BE3A615}.Final Release|Win32.Build.0 = Release|Win32
		{4B4B39D2-96C4-4EAA-8DCE-F67B9BE3A615}.Release|Win32.ActiveCfg = Release|Win32
		{4B4B39D2-96C4-4EAA-8DCE-F67B9BE3A615}.Release|Win32.Build.0 = Release|Win32
		{B177BD3F-5928-4AD7-A0A9-28451725A805}.Debug|Win32.ActiveCfg = Debug|Win32
		{B177BD3F-5928-4AD7-A0A9-28451725A805}.Debug|Win32.Build.0 = Debug|Win32
		{B177BD3F-5928-4AD7-A0A9-28451725A805}.Final Release|Win32.ActiveCfg = Final Release|Win32
		{B177BD3F-5928-4AD7-A0A9-28451725A805}.Final Release|Win32.Build.0 = Final Release|Win32
		{B177BD3F-5928-4AD7-A0A9-28451725A805}.Release|Win32.ActiveCfg = Release|Win32
		{B177BD3F-5928-4AD7-A0A9-28451725A805}.Release|Win32.Build.0 = Release|Win32
		{CFEB50B8-95AB-4110-AA15-F0D107248BCD}.Debug|Win32.ActiveCfg = Debug|Win32
		{CFEB50B8-95AB-4110-AA15-F0D107248BCD}.Debug|Win32.Build.0 = Debug|Win32
		{CFEB50B8-95AB-4110-AA15-F0D107248BCD}.Final Release|Win32.ActiveCfg = Release|Win32
		{CFEB50B8-95AB-4110-AA15-F0D107248BCD}.Final Release|Win32.Build.0 = Release|Win32
		{CFEB50B8-95AB-4110-AA15-F0D107248BCD}.Release|Win32.ActiveCfg = Release|Win32
		{CFEB50B8-95AB-4110-AA15-F0D107248BCD}.Release|Win32.Build.0 = Release|Win32
		{E0CB2DDA-85AA-414E-A21D-4A13985C5251}.Debug|Win32.ActiveCfg = Debug|Win32
		{E0CB2DDA-85AA-414E-A21D-4A13985C5251}.Debug|Win32.Build.0 = Debug|Win32
		{E0CB2DDA-85AA-414E-A21D-4A13985C5251}.Final Release|Win32.ActiveCfg = Release|Win32
		{E0CB2DDA-85AA-414E-A21D-4A13985C5251}.Final Release|Win32.Build.0 = Release|Win32
		{E0CB2DDA-85AA-414E-A21D-4A13985C5251}.Release|Win32.ActiveCfg = Release|Win32
		{E0CB2DDA-85AA-414E-A21D-4A13985C5251}.Release|Win32.Build.0 = Release|Win32
	EndGlobalSection
	GlobalSection(SolutionProperties) = preSolution
		HideSolutionNode = FALSE
	EndGlobalSection
	GlobalSection(NestedProjects) = preSolution
		{64A4FEFE-0461-4E95-8CC1-91EF5F57DBC6} = {C0B3E42B-8226-463C-93C5-C0648332A75D}
		{F4367ACA-D6B8-4637-A77F-4230687CBCBC} = {C0B3E42B-8226-463C-93C5-C0648332A75D}
		{22B34556-EDEB-400C-A902-BDF329A22E9B} = {C0B3E42B-8226-463C-93C5-C0648332A75D}
		{B07C7AD8-7061-4E0B-AA1A-9159F0E4D276} = {C0B3E42B-8226-463C-93C5-C0648332A75D}
		{2351FB45-496F-4A41-AC5F-F6CE30A7D521} = {C0B3E42B-8226-463C-93C5-C0648332A75D}
		{B41F38A7-8D71-43DC-8950-3637E34E692B} = {C0B3E42B-8226-463C-93C5-C0648332A75D}
		{E43C9B72-6776-4E0B-B435-11132E457CD2} = {C0B3E42B-8226-463C-93C5-C0648332A75D}
		{63EB8172-0004-4831-B72F-548E28298C50} = {C0B3E42B-8226-463C-93C5-C0648332A75D}
		{4B4B39D2-96C4-4EAA-8DCE-F67B9BE3A615} = {C0B3E42B-8226-463C-93C5-C0648332A75D}
		{B177BD3F-5928-4AD7-A0A9-28451725A805} = {C0B3E42B-8226-463C-93C5-C0648332A75D}
		{CFEB50B8-95AB-4110-AA15-F0D107248BCD} = {C0B3E42B-8226-463C-93C5-C0648332A75D}
		{E0CB2DDA-85AA-414E-A21D-4A13985C5251} = {C0B3E42B-8226-463C-93C5-C0648332A75D}
	EndGlobalSection
EndGlobal
