
Microsoft Visual Studio Solution File, Format Version 10.00
# Visual Studio 2008
Project("{8BC9CEB8-8B4A-11D0-8D11-00A0C91BC942}") = "ActEffectMerge", "ActEffectMerge.vcproj", "{1BA94185-C72E-4233-BA31-2F986C3F015F}"
	ProjectSection(ProjectDependencies) = postProject
		{2351FB45-496F-4A41-AC5F-F6CE30A7D521} = {2351FB45-496F-4A41-AC5F-F6CE30A7D521}
		{D690C04D-5E73-4C74-8A74-6D17627EFF8A} = {D690C04D-5E73-4C74-8A74-6D17627EFF8A}
		{22B34556-EDEB-400C-A902-BDF329A22E9B} = {22B34556-EDEB-400C-A902-BDF329A22E9B}
		{63EB8172-0004-4831-B72F-548E28298C50} = {63EB8172-0004-4831-B72F-548E28298C50}
		{F4367ACA-D6B8-4637-A77F-4230687CBCBC} = {F4367ACA-D6B8-4637-A77F-4230687CBCBC}
		{B07C7AD8-7061-4E0B-AA1A-9159F0E4D276} = {B07C7AD8-7061-4E0B-AA1A-9159F0E4D276}
		{E0CB2DDA-85AA-414E-A21D-4A13985C5251} = {E0CB2DDA-85AA-414E-A21D-4A13985C5251}
	EndProjectSection
EndProject
Project("{8BC9CEB8-8B4A-11D0-8D11-00A0C91BC942}") = "imcFileSys", "..\..\imcFileSys\imcFileSys.vcproj", "{B07C7AD8-7061-4E0B-AA1A-9159F0E4D276}"
EndProject
Project("{8BC9CEB8-8B4A-11D0-8D11-00A0C91BC942}") = "imclib", "..\..\imclib\source\imclib.vcproj", "{F4367ACA-D6B8-4637-A77F-4230687CBCBC}"
EndProject
Project("{8BC9CEB8-8B4A-11D0-8D11-00A0C91BC942}") = "imcCore", "..\..\imcCore\source\imcCore.vcproj", "{22B34556-EDEB-400C-A902-BDF329A22E9B}"
EndProject
Project("{8BC9CEB8-8B4A-11D0-8D11-00A0C91BC942}") = "imcIES", "..\..\imcIES\source\imcIES.vcproj", "{2351FB45-496F-4A41-AC5F-F6CE30A7D521}"
EndProject
Project("{8BC9CEB8-8B4A-11D0-8D11-00A0C91BC942}") = "imcIpf", "..\..\imcIpf\source\imcIpf.vcproj", "{E0CB2DDA-85AA-414E-A21D-4A13985C5251}"
	ProjectSection(ProjectDependencies) = postProject
		{B07C7AD8-7061-4E0B-AA1A-9159F0E4D276} = {B07C7AD8-7061-4E0B-AA1A-9159F0E4D276}
	EndProjectSection
EndProject
Project("{8BC9CEB8-8B4A-11D0-8D11-00A0C91BC942}") = "imcSMTP", "..\..\imcSMTP\source\imcSMTP.vcproj", "{D690C04D-5E73-4C74-8A74-6D17627EFF8A}"
EndProject
Project("{8BC9CEB8-8B4A-11D0-8D11-00A0C91BC942}") = "imcXml", "..\..\imcXml\source\imcXml.vcproj", "{63EB8172-0004-4831-B72F-548E28298C50}"
EndProject
Global
	GlobalSection(SolutionConfigurationPlatforms) = preSolution
		Debug|Win32 = Debug|Win32
		dll_debug|Win32 = dll_debug|Win32
		dll_release|Win32 = dll_release|Win32
		Final Release|Win32 = Final Release|Win32
		Release|Win32 = Release|Win32
	EndGlobalSection
	GlobalSection(ProjectConfigurationPlatforms) = postSolution
		{1BA94185-C72E-4233-BA31-2F986C3F015F}.Debug|Win32.ActiveCfg = Debug|Win32
		{1BA94185-C72E-4233-BA31-2F986C3F015F}.Debug|Win32.Build.0 = Debug|Win32
		{1BA94185-C72E-4233-BA31-2F986C3F015F}.dll_debug|Win32.ActiveCfg = Debug|Win32
		{1BA94185-C72E-4233-BA31-2F986C3F015F}.dll_debug|Win32.Build.0 = Debug|Win32
		{1BA94185-C72E-4233-BA31-2F986C3F015F}.dll_release|Win32.ActiveCfg = Debug|Win32
		{1BA94185-C72E-4233-BA31-2F986C3F015F}.dll_release|Win32.Build.0 = Debug|Win32
		{1BA94185-C72E-4233-BA31-2F986C3F015F}.Final Release|Win32.ActiveCfg = Release|Win32
		{1BA94185-C72E-4233-BA31-2F986C3F015F}.Final Release|Win32.Build.0 = Release|Win32
		{1BA94185-C72E-4233-BA31-2F986C3F015F}.Release|Win32.ActiveCfg = Release|Win32
		{1BA94185-C72E-4233-BA31-2F986C3F015F}.Release|Win32.Build.0 = Release|Win32
		{B07C7AD8-7061-4E0B-AA1A-9159F0E4D276}.Debug|Win32.ActiveCfg = Debug|Win32
		{B07C7AD8-7061-4E0B-AA1A-9159F0E4D276}.Debug|Win32.Build.0 = Debug|Win32
		{B07C7AD8-7061-4E0B-AA1A-9159F0E4D276}.dll_debug|Win32.ActiveCfg = dll_debug|Win32
		{B07C7AD8-7061-4E0B-AA1A-9159F0E4D276}.dll_debug|Win32.Build.0 = dll_debug|Win32
		{B07C7AD8-7061-4E0B-AA1A-9159F0E4D276}.dll_release|Win32.ActiveCfg = dll_release|Win32
		{B07C7AD8-7061-4E0B-AA1A-9159F0E4D276}.dll_release|Win32.Build.0 = dll_release|Win32
		{B07C7AD8-7061-4E0B-AA1A-9159F0E4D276}.Final Release|Win32.ActiveCfg = Final Release|Win32
		{B07C7AD8-7061-4E0B-AA1A-9159F0E4D276}.Final Release|Win32.Build.0 = Final Release|Win32
		{B07C7AD8-7061-4E0B-AA1A-9159F0E4D276}.Release|Win32.ActiveCfg = Release|Win32
		{B07C7AD8-7061-4E0B-AA1A-9159F0E4D276}.Release|Win32.Build.0 = Release|Win32
		{F4367ACA-D6B8-4637-A77F-4230687CBCBC}.Debug|Win32.ActiveCfg = Debug|Win32
		{F4367ACA-D6B8-4637-A77F-4230687CBCBC}.Debug|Win32.Build.0 = Debug|Win32
		{F4367ACA-D6B8-4637-A77F-4230687CBCBC}.dll_debug|Win32.ActiveCfg = dll_debug|Win32
		{F4367ACA-D6B8-4637-A77F-4230687CBCBC}.dll_debug|Win32.Build.0 = dll_debug|Win32
		{F4367ACA-D6B8-4637-A77F-4230687CBCBC}.dll_release|Win32.ActiveCfg = dll_release|Win32
		{F4367ACA-D6B8-4637-A77F-4230687CBCBC}.dll_release|Win32.Build.0 = dll_release|Win32
		{F4367ACA-D6B8-4637-A77F-4230687CBCBC}.Final Release|Win32.ActiveCfg = Final Release|Win32
		{F4367ACA-D6B8-4637-A77F-4230687CBCBC}.Final Release|Win32.Build.0 = Final Release|Win32
		{F4367ACA-D6B8-4637-A77F-4230687CBCBC}.Release|Win32.ActiveCfg = Release|Win32
		{F4367ACA-D6B8-4637-A77F-4230687CBCBC}.Release|Win32.Build.0 = Release|Win32
		{22B34556-EDEB-400C-A902-BDF329A22E9B}.Debug|Win32.ActiveCfg = Debug|Win32
		{22B34556-EDEB-400C-A902-BDF329A22E9B}.Debug|Win32.Build.0 = Debug|Win32
		{22B34556-EDEB-400C-A902-BDF329A22E9B}.dll_debug|Win32.ActiveCfg = dll_debug|Win32
		{22B34556-EDEB-400C-A902-BDF329A22E9B}.dll_debug|Win32.Build.0 = dll_debug|Win32
		{22B34556-EDEB-400C-A902-BDF329A22E9B}.dll_release|Win32.ActiveCfg = dll_release|Win32
		{22B34556-EDEB-400C-A902-BDF329A22E9B}.dll_release|Win32.Build.0 = dll_release|Win32
		{22B34556-EDEB-400C-A902-BDF329A22E9B}.Final Release|Win32.ActiveCfg = Release|Win32
		{22B34556-EDEB-400C-A902-BDF329A22E9B}.Final Release|Win32.Build.0 = Release|Win32
		{22B34556-EDEB-400C-A902-BDF329A22E9B}.Release|Win32.ActiveCfg = Release|Win32
		{22B34556-EDEB-400C-A902-BDF329A22E9B}.Release|Win32.Build.0 = Release|Win32
		{2351FB45-496F-4A41-AC5F-F6CE30A7D521}.Debug|Win32.ActiveCfg = Debug|Win32
		{2351FB45-496F-4A41-AC5F-F6CE30A7D521}.Debug|Win32.Build.0 = Debug|Win32
		{2351FB45-496F-4A41-AC5F-F6CE30A7D521}.dll_debug|Win32.ActiveCfg = dll_debug|Win32
		{2351FB45-496F-4A41-AC5F-F6CE30A7D521}.dll_debug|Win32.Build.0 = dll_debug|Win32
		{2351FB45-496F-4A41-AC5F-F6CE30A7D521}.dll_release|Win32.ActiveCfg = dll_release|Win32
		{2351FB45-496F-4A41-AC5F-F6CE30A7D521}.dll_release|Win32.Build.0 = dll_release|Win32
		{2351FB45-496F-4A41-AC5F-F6CE30A7D521}.Final Release|Win32.ActiveCfg = Final Release|Win32
		{2351FB45-496F-4A41-AC5F-F6CE30A7D521}.Final Release|Win32.Build.0 = Final Release|Win32
		{2351FB45-496F-4A41-AC5F-F6CE30A7D521}.Release|Win32.ActiveCfg = Release|Win32
		{2351FB45-496F-4A41-AC5F-F6CE30A7D521}.Release|Win32.Build.0 = Release|Win32
		{E0CB2DDA-85AA-414E-A21D-4A13985C5251}.Debug|Win32.ActiveCfg = Debug|Win32
		{E0CB2DDA-85AA-414E-A21D-4A13985C5251}.Debug|Win32.Build.0 = Debug|Win32
		{E0CB2DDA-85AA-414E-A21D-4A13985C5251}.dll_debug|Win32.ActiveCfg = dll_debug|Win32
		{E0CB2DDA-85AA-414E-A21D-4A13985C5251}.dll_debug|Win32.Build.0 = dll_debug|Win32
		{E0CB2DDA-85AA-414E-A21D-4A13985C5251}.dll_release|Win32.ActiveCfg = dll_release|Win32
		{E0CB2DDA-85AA-414E-A21D-4A13985C5251}.dll_release|Win32.Build.0 = dll_release|Win32
		{E0CB2DDA-85AA-414E-A21D-4A13985C5251}.Final Release|Win32.ActiveCfg = Release|Win32
		{E0CB2DDA-85AA-414E-A21D-4A13985C5251}.Final Release|Win32.Build.0 = Release|Win32
		{E0CB2DDA-85AA-414E-A21D-4A13985C5251}.Release|Win32.ActiveCfg = Release|Win32
		{E0CB2DDA-85AA-414E-A21D-4A13985C5251}.Release|Win32.Build.0 = Release|Win32
		{D690C04D-5E73-4C74-8A74-6D17627EFF8A}.Debug|Win32.ActiveCfg = Debug|Win32
		{D690C04D-5E73-4C74-8A74-6D17627EFF8A}.Debug|Win32.Build.0 = Debug|Win32
		{D690C04D-5E73-4C74-8A74-6D17627EFF8A}.dll_debug|Win32.ActiveCfg = dll_debug|Win32
		{D690C04D-5E73-4C74-8A74-6D17627EFF8A}.dll_debug|Win32.Build.0 = dll_debug|Win32
		{D690C04D-5E73-4C74-8A74-6D17627EFF8A}.dll_release|Win32.ActiveCfg = dll_release|Win32
		{D690C04D-5E73-4C74-8A74-6D17627EFF8A}.dll_release|Win32.Build.0 = dll_release|Win32
		{D690C04D-5E73-4C74-8A74-6D17627EFF8A}.Final Release|Win32.ActiveCfg = Final Release|Win32
		{D690C04D-5E73-4C74-8A74-6D17627EFF8A}.Final Release|Win32.Build.0 = Final Release|Win32
		{D690C04D-5E73-4C74-8A74-6D17627EFF8A}.Release|Win32.ActiveCfg = Release|Win32
		{D690C04D-5E73-4C74-8A74-6D17627EFF8A}.Release|Win32.Build.0 = Release|Win32
		{63EB8172-0004-4831-B72F-548E28298C50}.Debug|Win32.ActiveCfg = Debug|Win32
		{63EB8172-0004-4831-B72F-548E28298C50}.Debug|Win32.Build.0 = Debug|Win32
		{63EB8172-0004-4831-B72F-548E28298C50}.dll_debug|Win32.ActiveCfg = dll_debug|Win32
		{63EB8172-0004-4831-B72F-548E28298C50}.dll_debug|Win32.Build.0 = dll_debug|Win32
		{63EB8172-0004-4831-B72F-548E28298C50}.dll_release|Win32.ActiveCfg = dll_release|Win32
		{63EB8172-0004-4831-B72F-548E28298C50}.dll_release|Win32.Build.0 = dll_release|Win32
		{63EB8172-0004-4831-B72F-548E28298C50}.Final Release|Win32.ActiveCfg = Release|Win32
		{63EB8172-0004-4831-B72F-548E28298C50}.Final Release|Win32.Build.0 = Release|Win32
		{63EB8172-0004-4831-B72F-548E28298C50}.Release|Win32.ActiveCfg = Release|Win32
		{63EB8172-0004-4831-B72F-548E28298C50}.Release|Win32.Build.0 = Release|Win32
	EndGlobalSection
	GlobalSection(SolutionProperties) = preSolution
		HideSolutionNode = FALSE
	EndGlobalSection
EndGlobal
